// !$*UTF8*$!
{
	archiveVersion = 1;
	classes = {
	};
	objectVersion = 56;
	objects = {

/* Begin PBXBuildFile section */
		A7132ABA2C330C4C00DC6FF2 /* ContentView.swift in Sources */ = {isa = PBXBuildFile; fileRef = A7132AB92C330C4C00DC6FF2 /* ContentView.swift */; };
		A7132ABC2C330C4D00DC6FF2 /* Assets.xcassets in Resources */ = {isa = PBXBuildFile; fileRef = A7132ABB2C330C4D00DC6FF2 /* Assets.xcassets */; };
		A7132ABF2C330C4D00DC6FF2 /* Preview Assets.xcassets in Resources */ = {isa = PBXBuildFile; fileRef = A7132ABE2C330C4D00DC6FF2 /* Preview Assets.xcassets */; };
		A7132ACA2C330C4D00DC6FF2 /* MacLandmarksTests.swift in Sources */ = {isa = PBXBuildFile; fileRef = A7132AC92C330C4D00DC6FF2 /* MacLandmarksTests.swift */; };
		A7132AD42C330C4D00DC6FF2 /* MacLandmarksUITests.swift in Sources */ = {isa = PBXBuildFile; fileRef = A7132AD32C330C4D00DC6FF2 /* MacLandmarksUITests.swift */; };
		A7132AD62C330C4D00DC6FF2 /* MacLandmarksUITestsLaunchTests.swift in Sources */ = {isa = PBXBuildFile; fileRef = A7132AD52C330C4D00DC6FF2 /* MacLandmarksUITestsLaunchTests.swift */; };
		A7132AE02C330CE400DC6FF2 /* hikeData.json in Resources */ = {isa = PBXBuildFile; fileRef = A753B5152BF0590200CEC122 /* hikeData.json */; };
		A7132AE12C330CE400DC6FF2 /* landmarkData.json in Resources */ = {isa = PBXBuildFile; fileRef = A74A420F2BE12EE70053E04F /* landmarkData.json */; };
		A7132AE22C330CE400DC6FF2 /* Assets.xcassets in Resources */ = {isa = PBXBuildFile; fileRef = A7BB67D02BDFF00C008BB534 /* Assets.xcassets */; };
		A7132AE32C330CE400DC6FF2 /* LandmarksApp.swift in Sources */ = {isa = PBXBuildFile; fileRef = A7BB67CC2BDFF00B008BB534 /* LandmarksApp.swift */; };
		A7132AE42C330CE400DC6FF2 /* LandmarkRow.swift in Sources */ = {isa = PBXBuildFile; fileRef = A79D02052BE13AFC005C902E /* LandmarkRow.swift */; };
		A7132AE52C330CE400DC6FF2 /* ModelData.swift in Sources */ = {isa = PBXBuildFile; fileRef = A74A42132BE1310E0053E04F /* ModelData.swift */; };
		A7132AE62C330CE400DC6FF2 /* CircleImage.swift in Sources */ = {isa = PBXBuildFile; fileRef = A7BB67F62BDFFACC008BB534 /* CircleImage.swift */; };
		A7132AE72C330CE400DC6FF2 /* LandmarkList.swift in Sources */ = {isa = PBXBuildFile; fileRef = A79D02072BE13D1D005C902E /* LandmarkList.swift */; };
		A7132AE82C330CE400DC6FF2 /* MapView.swift in Sources */ = {isa = PBXBuildFile; fileRef = A7BB67F82BDFFC75008BB534 /* MapView.swift */; };
		A7132AE92C330CE400DC6FF2 /* Landmark.swift in Sources */ = {isa = PBXBuildFile; fileRef = A74A42112BE12F0D0053E04F /* Landmark.swift */; };
		A7132AEA2C330CE400DC6FF2 /* FavoriteButton.swift in Sources */ = {isa = PBXBuildFile; fileRef = A721C71F2BE51E2B00278C03 /* FavoriteButton.swift */; };
		A7132AEB2C330CE400DC6FF2 /* Profile.swift in Sources */ = {isa = PBXBuildFile; fileRef = A78D1A712BFA2835006AEF32 /* Profile.swift */; };
		A7132AEC2C330CE400DC6FF2 /* Hike.swift in Sources */ = {isa = PBXBuildFile; fileRef = A753B5172BF0592200CEC122 /* Hike.swift */; };
		A7132AEE2C330E5E00DC6FF2 /* LandmarkDetail.swift in Sources */ = {isa = PBXBuildFile; fileRef = A7132AED2C330E5E00DC6FF2 /* LandmarkDetail.swift */; };
		A7132AF02C33171E00DC6FF2 /* LandmarkList.swift in Sources */ = {isa = PBXBuildFile; fileRef = A7132AEF2C33171E00DC6FF2 /* LandmarkList.swift */; };
		A7188EDD2C04D177002E11A4 /* PageViewController.swift in Sources */ = {isa = PBXBuildFile; fileRef = A7188EDC2C04D177002E11A4 /* PageViewController.swift */; };
		A721C7202BE51E2B00278C03 /* FavoriteButton.swift in Sources */ = {isa = PBXBuildFile; fileRef = A721C71F2BE51E2B00278C03 /* FavoriteButton.swift */; };
		A724C7572BE9601A0018936B /* BadgeSymbol.swift in Sources */ = {isa = PBXBuildFile; fileRef = A724C7562BE9601A0018936B /* BadgeSymbol.swift */; };
		A724C7592BE963C60018936B /* RotatedBadgeSymbol.swift in Sources */ = {isa = PBXBuildFile; fileRef = A724C7582BE963C60018936B /* RotatedBadgeSymbol.swift */; };
		A724C75B2BE965F20018936B /* Badge.swift in Sources */ = {isa = PBXBuildFile; fileRef = A724C75A2BE965F20018936B /* Badge.swift */; };
		A7370FC52C3CA5CF00CE4BC2 /* LandmarkSettings.swift in Sources */ = {isa = PBXBuildFile; fileRef = A7370FC42C3CA5CF00CE4BC2 /* LandmarkSettings.swift */; };
		A74A42102BE12EE70053E04F /* landmarkData.json in Resources */ = {isa = PBXBuildFile; fileRef = A74A420F2BE12EE70053E04F /* landmarkData.json */; };
		A74A42142BE1310E0053E04F /* ModelData.swift in Sources */ = {isa = PBXBuildFile; fileRef = A74A42132BE1310E0053E04F /* ModelData.swift */; };
		A74A42182BE133680053E04F /* Landmark.swift in Sources */ = {isa = PBXBuildFile; fileRef = A74A42112BE12F0D0053E04F /* Landmark.swift */; };
		A753B5162BF0590200CEC122 /* hikeData.json in Resources */ = {isa = PBXBuildFile; fileRef = A753B5152BF0590200CEC122 /* hikeData.json */; };
		A753B5182BF0592200CEC122 /* Hike.swift in Sources */ = {isa = PBXBuildFile; fileRef = A753B5172BF0592200CEC122 /* Hike.swift */; };
		A753B51E2BF05A8700CEC122 /* GraphCapsule.swift in Sources */ = {isa = PBXBuildFile; fileRef = A753B5192BF05A8700CEC122 /* GraphCapsule.swift */; };
		A753B51F2BF05A8700CEC122 /* HikeDetail.swift in Sources */ = {isa = PBXBuildFile; fileRef = A753B51A2BF05A8700CEC122 /* HikeDetail.swift */; };
		A753B5202BF05A8700CEC122 /* HikeGraph.swift in Sources */ = {isa = PBXBuildFile; fileRef = A753B51B2BF05A8700CEC122 /* HikeGraph.swift */; };
		A753B5212BF05A8700CEC122 /* HikeView.swift in Sources */ = {isa = PBXBuildFile; fileRef = A753B51C2BF05A8700CEC122 /* HikeView.swift */; };
		A755A0482BF123E0004BAD1D /* CategoryHome.swift in Sources */ = {isa = PBXBuildFile; fileRef = A755A0472BF123E0004BAD1D /* CategoryHome.swift */; };
		A755A04A2BF12752004BAD1D /* CategoryRow.swift in Sources */ = {isa = PBXBuildFile; fileRef = A755A0492BF12752004BAD1D /* CategoryRow.swift */; };
		A755A04C2BF12A01004BAD1D /* CategoryItem.swift in Sources */ = {isa = PBXBuildFile; fileRef = A755A04B2BF12A01004BAD1D /* CategoryItem.swift */; };
		A76141202C24520A00B6EDF3 /* ContentView.swift in Sources */ = {isa = PBXBuildFile; fileRef = A761411F2C24520A00B6EDF3 /* ContentView.swift */; };
		A76141222C24520B00B6EDF3 /* Assets.xcassets in Resources */ = {isa = PBXBuildFile; fileRef = A76141212C24520B00B6EDF3 /* Assets.xcassets */; };
		A76141252C24520B00B6EDF3 /* Preview Assets.xcassets in Resources */ = {isa = PBXBuildFile; fileRef = A76141242C24520B00B6EDF3 /* Preview Assets.xcassets */; };
		A761412F2C24520B00B6EDF3 /* WatchLandmarks_Watch_AppTests.swift in Sources */ = {isa = PBXBuildFile; fileRef = A761412E2C24520B00B6EDF3 /* WatchLandmarks_Watch_AppTests.swift */; };
		A76141392C24520B00B6EDF3 /* WatchLandmarks_Watch_AppUITests.swift in Sources */ = {isa = PBXBuildFile; fileRef = A76141382C24520B00B6EDF3 /* WatchLandmarks_Watch_AppUITests.swift */; };
		A761413B2C24520B00B6EDF3 /* WatchLandmarks_Watch_AppUITestsLaunchTests.swift in Sources */ = {isa = PBXBuildFile; fileRef = A761413A2C24520B00B6EDF3 /* WatchLandmarks_Watch_AppUITestsLaunchTests.swift */; };
		A761413E2C24520B00B6EDF3 /* WatchLandmarks Watch App.app in Embed Watch Content */ = {isa = PBXBuildFile; fileRef = A761411B2C24520A00B6EDF3 /* WatchLandmarks Watch App.app */; settings = {ATTRIBUTES = (RemoveHeadersOnCopy, ); }; };
		A76141492C24542B00B6EDF3 /* MapView.swift in Sources */ = {isa = PBXBuildFile; fileRef = A7BB67F82BDFFC75008BB534 /* MapView.swift */; };
		A761414A2C24542B00B6EDF3 /* Landmark.swift in Sources */ = {isa = PBXBuildFile; fileRef = A74A42112BE12F0D0053E04F /* Landmark.swift */; };
		A761414B2C24542B00B6EDF3 /* CircleImage.swift in Sources */ = {isa = PBXBuildFile; fileRef = A7BB67F62BDFFACC008BB534 /* CircleImage.swift */; };
		A761414D2C24542B00B6EDF3 /* Profile.swift in Sources */ = {isa = PBXBuildFile; fileRef = A78D1A712BFA2835006AEF32 /* Profile.swift */; };
		A761414E2C24542B00B6EDF3 /* Hike.swift in Sources */ = {isa = PBXBuildFile; fileRef = A753B5172BF0592200CEC122 /* Hike.swift */; };
		A761414F2C24542B00B6EDF3 /* LandmarkRow.swift in Sources */ = {isa = PBXBuildFile; fileRef = A79D02052BE13AFC005C902E /* LandmarkRow.swift */; };
		A76141502C24542B00B6EDF3 /* LandmarksApp.swift in Sources */ = {isa = PBXBuildFile; fileRef = A7BB67CC2BDFF00B008BB534 /* LandmarksApp.swift */; };
		A76141512C24542B00B6EDF3 /* ModelData.swift in Sources */ = {isa = PBXBuildFile; fileRef = A74A42132BE1310E0053E04F /* ModelData.swift */; };
		A76141522C24542B00B6EDF3 /* landmarkData.json in Resources */ = {isa = PBXBuildFile; fileRef = A74A420F2BE12EE70053E04F /* landmarkData.json */; };
		A76141532C24542B00B6EDF3 /* hikeData.json in Resources */ = {isa = PBXBuildFile; fileRef = A753B5152BF0590200CEC122 /* hikeData.json */; };
		A76141542C24542B00B6EDF3 /* Assets.xcassets in Resources */ = {isa = PBXBuildFile; fileRef = A7BB67D02BDFF00C008BB534 /* Assets.xcassets */; };
		A7679F5E2C016A9D00D0FD35 /* ProfileEditor.swift in Sources */ = {isa = PBXBuildFile; fileRef = A7679F5D2C016A9D00D0FD35 /* ProfileEditor.swift */; };
		A76A65B02BE2177F006E9AD9 /* LandmarkDetail.swift in Sources */ = {isa = PBXBuildFile; fileRef = A76A65AF2BE2177F006E9AD9 /* LandmarkDetail.swift */; };
		A77307E62C3ADAC900D638AA /* LandmarkCommands.swift in Sources */ = {isa = PBXBuildFile; fileRef = A77307E52C3ADAC900D638AA /* LandmarkCommands.swift */; };
		A77307E72C3ADAC900D638AA /* LandmarkCommands.swift in Sources */ = {isa = PBXBuildFile; fileRef = A77307E52C3ADAC900D638AA /* LandmarkCommands.swift */; };
		A78D1A722BFA2835006AEF32 /* Profile.swift in Sources */ = {isa = PBXBuildFile; fileRef = A78D1A712BFA2835006AEF32 /* Profile.swift */; };
		A78D1A752BFA2A0C006AEF32 /* ProfileHost.swift in Sources */ = {isa = PBXBuildFile; fileRef = A78D1A742BFA2A0C006AEF32 /* ProfileHost.swift */; };
		A78D1A772BFA2AB5006AEF32 /* ProfileSummary.swift in Sources */ = {isa = PBXBuildFile; fileRef = A78D1A762BFA2AB5006AEF32 /* ProfileSummary.swift */; };
		A78D1A792BFA2E94006AEF32 /* HikeBadge.swift in Sources */ = {isa = PBXBuildFile; fileRef = A78D1A782BFA2E94006AEF32 /* HikeBadge.swift */; };
		A79D02062BE13AFC005C902E /* LandmarkRow.swift in Sources */ = {isa = PBXBuildFile; fileRef = A79D02052BE13AFC005C902E /* LandmarkRow.swift */; };
		A79D02082BE13D1D005C902E /* LandmarkList.swift in Sources */ = {isa = PBXBuildFile; fileRef = A79D02072BE13D1D005C902E /* LandmarkList.swift */; };
		A7A208082C2A58EF00E63D6B /* LandmarkDetail.swift in Sources */ = {isa = PBXBuildFile; fileRef = A7A208072C2A58EF00E63D6B /* LandmarkDetail.swift */; };
		A7A2080A2C2A5DC900E63D6B /* PageControl.swift in Sources */ = {isa = PBXBuildFile; fileRef = A7A208092C2A5DC900E63D6B /* PageControl.swift */; };
		A7A53AFA2C04D437003F0983 /* FeatureCard.swift in Sources */ = {isa = PBXBuildFile; fileRef = A7A53AF92C04D437003F0983 /* FeatureCard.swift */; };
		A7A53AFC2C04D690003F0983 /* PageView.swift in Sources */ = {isa = PBXBuildFile; fileRef = A7A53AFB2C04D690003F0983 /* PageView.swift */; };
		A7B9DE3A2BE7D98700A155B8 /* HexagonParameters.swift in Sources */ = {isa = PBXBuildFile; fileRef = A7B9DE392BE7D98700A155B8 /* HexagonParameters.swift */; };
		A7B9DE3C2BE7DE1000A155B8 /* BadgeBackground.swift in Sources */ = {isa = PBXBuildFile; fileRef = A7B9DE3B2BE7DE1000A155B8 /* BadgeBackground.swift */; };
		A7BB67CD2BDFF00B008BB534 /* LandmarksApp.swift in Sources */ = {isa = PBXBuildFile; fileRef = A7BB67CC2BDFF00B008BB534 /* LandmarksApp.swift */; };
		A7BB67CF2BDFF00B008BB534 /* ContentView.swift in Sources */ = {isa = PBXBuildFile; fileRef = A7BB67CE2BDFF00B008BB534 /* ContentView.swift */; };
		A7BB67D12BDFF00C008BB534 /* Assets.xcassets in Resources */ = {isa = PBXBuildFile; fileRef = A7BB67D02BDFF00C008BB534 /* Assets.xcassets */; };
		A7BB67D42BDFF00C008BB534 /* Preview Assets.xcassets in Resources */ = {isa = PBXBuildFile; fileRef = A7BB67D32BDFF00C008BB534 /* Preview Assets.xcassets */; };
		A7BB67DE2BDFF00C008BB534 /* LandmarksTests.swift in Sources */ = {isa = PBXBuildFile; fileRef = A7BB67DD2BDFF00C008BB534 /* LandmarksTests.swift */; };
		A7BB67E82BDFF00C008BB534 /* LandmarksUITests.swift in Sources */ = {isa = PBXBuildFile; fileRef = A7BB67E72BDFF00C008BB534 /* LandmarksUITests.swift */; };
		A7BB67EA2BDFF00C008BB534 /* LandmarksUITestsLaunchTests.swift in Sources */ = {isa = PBXBuildFile; fileRef = A7BB67E92BDFF00C008BB534 /* LandmarksUITestsLaunchTests.swift */; };
		A7BB67F72BDFFACC008BB534 /* CircleImage.swift in Sources */ = {isa = PBXBuildFile; fileRef = A7BB67F62BDFFACC008BB534 /* CircleImage.swift */; };
		A7BB67F92BDFFC75008BB534 /* MapView.swift in Sources */ = {isa = PBXBuildFile; fileRef = A7BB67F82BDFFC75008BB534 /* MapView.swift */; };
		A7E570572C2B85EC00E9CD15 /* NotificationView.swift in Sources */ = {isa = PBXBuildFile; fileRef = A7E570562C2B85EC00E9CD15 /* NotificationView.swift */; };
		A7E570592C2B877200E9CD15 /* NotificationController.swift in Sources */ = {isa = PBXBuildFile; fileRef = A7E570582C2B877200E9CD15 /* NotificationController.swift */; };
/* End PBXBuildFile section */

/* Begin PBXContainerItemProxy section */
		A7132AC62C330C4D00DC6FF2 /* PBXContainerItemProxy */ = {
			isa = PBXContainerItemProxy;
			containerPortal = A7BB67C12BDFF00B008BB534 /* Project object */;
			proxyType = 1;
			remoteGlobalIDString = A7132AB42C330C4C00DC6FF2;
			remoteInfo = MacLandmarks;
		};
		A7132AD02C330C4D00DC6FF2 /* PBXContainerItemProxy */ = {
			isa = PBXContainerItemProxy;
			containerPortal = A7BB67C12BDFF00B008BB534 /* Project object */;
			proxyType = 1;
			remoteGlobalIDString = A7132AB42C330C4C00DC6FF2;
			remoteInfo = MacLandmarks;
		};
		A761412B2C24520B00B6EDF3 /* PBXContainerItemProxy */ = {
			isa = PBXContainerItemProxy;
			containerPortal = A7BB67C12BDFF00B008BB534 /* Project object */;
			proxyType = 1;
			remoteGlobalIDString = A761411A2C24520A00B6EDF3;
			remoteInfo = "WatchLandmarks Watch App";
		};
		A76141352C24520B00B6EDF3 /* PBXContainerItemProxy */ = {
			isa = PBXContainerItemProxy;
			containerPortal = A7BB67C12BDFF00B008BB534 /* Project object */;
			proxyType = 1;
			remoteGlobalIDString = A761411A2C24520A00B6EDF3;
			remoteInfo = "WatchLandmarks Watch App";
		};
		A761413C2C24520B00B6EDF3 /* PBXContainerItemProxy */ = {
			isa = PBXContainerItemProxy;
			containerPortal = A7BB67C12BDFF00B008BB534 /* Project object */;
			proxyType = 1;
			remoteGlobalIDString = A761411A2C24520A00B6EDF3;
			remoteInfo = "WatchLandmarks Watch App";
		};
		A7BB67DA2BDFF00C008BB534 /* PBXContainerItemProxy */ = {
			isa = PBXContainerItemProxy;
			containerPortal = A7BB67C12BDFF00B008BB534 /* Project object */;
			proxyType = 1;
			remoteGlobalIDString = A7BB67C82BDFF00B008BB534;
			remoteInfo = Landmarks;
		};
		A7BB67E42BDFF00C008BB534 /* PBXContainerItemProxy */ = {
			isa = PBXContainerItemProxy;
			containerPortal = A7BB67C12BDFF00B008BB534 /* Project object */;
			proxyType = 1;
			remoteGlobalIDString = A7BB67C82BDFF00B008BB534;
			remoteInfo = Landmarks;
		};
/* End PBXContainerItemProxy section */

/* Begin PBXCopyFilesBuildPhase section */
		A761413F2C24520B00B6EDF3 /* Embed Watch Content */ = {
			isa = PBXCopyFilesBuildPhase;
			buildActionMask = 2147483647;
			dstPath = "$(CONTENTS_FOLDER_PATH)/Watch";
			dstSubfolderSpec = 16;
			files = (
				A761413E2C24520B00B6EDF3 /* WatchLandmarks Watch App.app in Embed Watch Content */,
			);
			name = "Embed Watch Content";
			runOnlyForDeploymentPostprocessing = 0;
		};
/* End PBXCopyFilesBuildPhase section */

/* Begin PBXFileReference section */
		A7132AB52C330C4C00DC6FF2 /* MacLandmarks.app */ = {isa = PBXFileReference; explicitFileType = wrapper.application; includeInIndex = 0; path = MacLandmarks.app; sourceTree = BUILT_PRODUCTS_DIR; };
		A7132AB92C330C4C00DC6FF2 /* ContentView.swift */ = {isa = PBXFileReference; lastKnownFileType = sourcecode.swift; path = ContentView.swift; sourceTree = "<group>"; };
		A7132ABB2C330C4D00DC6FF2 /* Assets.xcassets */ = {isa = PBXFileReference; lastKnownFileType = folder.assetcatalog; path = Assets.xcassets; sourceTree = "<group>"; };
		A7132ABE2C330C4D00DC6FF2 /* Preview Assets.xcassets */ = {isa = PBXFileReference; lastKnownFileType = folder.assetcatalog; path = "Preview Assets.xcassets"; sourceTree = "<group>"; };
		A7132AC02C330C4D00DC6FF2 /* MacLandmarks.entitlements */ = {isa = PBXFileReference; lastKnownFileType = text.plist.entitlements; path = MacLandmarks.entitlements; sourceTree = "<group>"; };
		A7132AC52C330C4D00DC6FF2 /* MacLandmarksTests.xctest */ = {isa = PBXFileReference; explicitFileType = wrapper.cfbundle; includeInIndex = 0; path = MacLandmarksTests.xctest; sourceTree = BUILT_PRODUCTS_DIR; };
		A7132AC92C330C4D00DC6FF2 /* MacLandmarksTests.swift */ = {isa = PBXFileReference; lastKnownFileType = sourcecode.swift; path = MacLandmarksTests.swift; sourceTree = "<group>"; };
		A7132ACF2C330C4D00DC6FF2 /* MacLandmarksUITests.xctest */ = {isa = PBXFileReference; explicitFileType = wrapper.cfbundle; includeInIndex = 0; path = MacLandmarksUITests.xctest; sourceTree = BUILT_PRODUCTS_DIR; };
		A7132AD32C330C4D00DC6FF2 /* MacLandmarksUITests.swift */ = {isa = PBXFileReference; lastKnownFileType = sourcecode.swift; path = MacLandmarksUITests.swift; sourceTree = "<group>"; };
		A7132AD52C330C4D00DC6FF2 /* MacLandmarksUITestsLaunchTests.swift */ = {isa = PBXFileReference; lastKnownFileType = sourcecode.swift; path = MacLandmarksUITestsLaunchTests.swift; sourceTree = "<group>"; };
		A7132AED2C330E5E00DC6FF2 /* LandmarkDetail.swift */ = {isa = PBXFileReference; lastKnownFileType = sourcecode.swift; path = LandmarkDetail.swift; sourceTree = SOURCE_ROOT; };
		A7132AEF2C33171E00DC6FF2 /* LandmarkList.swift */ = {isa = PBXFileReference; lastKnownFileType = sourcecode.swift; path = LandmarkList.swift; sourceTree = "<group>"; };
		A7188EDC2C04D177002E11A4 /* PageViewController.swift */ = {isa = PBXFileReference; lastKnownFileType = sourcecode.swift; path = PageViewController.swift; sourceTree = "<group>"; };
		A721C71F2BE51E2B00278C03 /* FavoriteButton.swift */ = {isa = PBXFileReference; lastKnownFileType = sourcecode.swift; path = FavoriteButton.swift; sourceTree = "<group>"; };
		A724C7562BE9601A0018936B /* BadgeSymbol.swift */ = {isa = PBXFileReference; lastKnownFileType = sourcecode.swift; path = BadgeSymbol.swift; sourceTree = "<group>"; };
		A724C7582BE963C60018936B /* RotatedBadgeSymbol.swift */ = {isa = PBXFileReference; lastKnownFileType = sourcecode.swift; path = RotatedBadgeSymbol.swift; sourceTree = "<group>"; };
		A724C75A2BE965F20018936B /* Badge.swift */ = {isa = PBXFileReference; lastKnownFileType = sourcecode.swift; path = Badge.swift; sourceTree = "<group>"; };
		A7370FC42C3CA5CF00CE4BC2 /* LandmarkSettings.swift */ = {isa = PBXFileReference; lastKnownFileType = sourcecode.swift; path = LandmarkSettings.swift; sourceTree = "<group>"; };
		A74A420F2BE12EE70053E04F /* landmarkData.json */ = {isa = PBXFileReference; fileEncoding = 4; lastKnownFileType = text.json; path = landmarkData.json; sourceTree = "<group>"; };
		A74A42112BE12F0D0053E04F /* Landmark.swift */ = {isa = PBXFileReference; lastKnownFileType = sourcecode.swift; path = Landmark.swift; sourceTree = "<group>"; };
		A74A42132BE1310E0053E04F /* ModelData.swift */ = {isa = PBXFileReference; lastKnownFileType = sourcecode.swift; path = ModelData.swift; sourceTree = "<group>"; };
		A753B5152BF0590200CEC122 /* hikeData.json */ = {isa = PBXFileReference; fileEncoding = 4; lastKnownFileType = text.json; path = hikeData.json; sourceTree = "<group>"; };
		A753B5172BF0592200CEC122 /* Hike.swift */ = {isa = PBXFileReference; lastKnownFileType = sourcecode.swift; path = Hike.swift; sourceTree = "<group>"; };
		A753B5192BF05A8700CEC122 /* GraphCapsule.swift */ = {isa = PBXFileReference; fileEncoding = 4; lastKnownFileType = sourcecode.swift; path = GraphCapsule.swift; sourceTree = "<group>"; };
		A753B51A2BF05A8700CEC122 /* HikeDetail.swift */ = {isa = PBXFileReference; fileEncoding = 4; lastKnownFileType = sourcecode.swift; path = HikeDetail.swift; sourceTree = "<group>"; };
		A753B51B2BF05A8700CEC122 /* HikeGraph.swift */ = {isa = PBXFileReference; fileEncoding = 4; lastKnownFileType = sourcecode.swift; path = HikeGraph.swift; sourceTree = "<group>"; };
		A753B51C2BF05A8700CEC122 /* HikeView.swift */ = {isa = PBXFileReference; fileEncoding = 4; lastKnownFileType = sourcecode.swift; path = HikeView.swift; sourceTree = "<group>"; };
		A755A0472BF123E0004BAD1D /* CategoryHome.swift */ = {isa = PBXFileReference; lastKnownFileType = sourcecode.swift; path = CategoryHome.swift; sourceTree = "<group>"; };
		A755A0492BF12752004BAD1D /* CategoryRow.swift */ = {isa = PBXFileReference; lastKnownFileType = sourcecode.swift; path = CategoryRow.swift; sourceTree = "<group>"; };
		A755A04B2BF12A01004BAD1D /* CategoryItem.swift */ = {isa = PBXFileReference; lastKnownFileType = sourcecode.swift; path = CategoryItem.swift; sourceTree = "<group>"; };
		A761411B2C24520A00B6EDF3 /* WatchLandmarks Watch App.app */ = {isa = PBXFileReference; explicitFileType = wrapper.application; includeInIndex = 0; path = "WatchLandmarks Watch App.app"; sourceTree = BUILT_PRODUCTS_DIR; };
		A761411F2C24520A00B6EDF3 /* ContentView.swift */ = {isa = PBXFileReference; lastKnownFileType = sourcecode.swift; path = ContentView.swift; sourceTree = "<group>"; };
		A76141212C24520B00B6EDF3 /* Assets.xcassets */ = {isa = PBXFileReference; lastKnownFileType = folder.assetcatalog; path = Assets.xcassets; sourceTree = "<group>"; };
		A76141242C24520B00B6EDF3 /* Preview Assets.xcassets */ = {isa = PBXFileReference; lastKnownFileType = folder.assetcatalog; path = "Preview Assets.xcassets"; sourceTree = "<group>"; };
		A761412A2C24520B00B6EDF3 /* WatchLandmarks Watch AppTests.xctest */ = {isa = PBXFileReference; explicitFileType = wrapper.cfbundle; includeInIndex = 0; path = "WatchLandmarks Watch AppTests.xctest"; sourceTree = BUILT_PRODUCTS_DIR; };
		A761412E2C24520B00B6EDF3 /* WatchLandmarks_Watch_AppTests.swift */ = {isa = PBXFileReference; lastKnownFileType = sourcecode.swift; path = WatchLandmarks_Watch_AppTests.swift; sourceTree = "<group>"; };
		A76141342C24520B00B6EDF3 /* WatchLandmarks Watch AppUITests.xctest */ = {isa = PBXFileReference; explicitFileType = wrapper.cfbundle; includeInIndex = 0; path = "WatchLandmarks Watch AppUITests.xctest"; sourceTree = BUILT_PRODUCTS_DIR; };
		A76141382C24520B00B6EDF3 /* WatchLandmarks_Watch_AppUITests.swift */ = {isa = PBXFileReference; lastKnownFileType = sourcecode.swift; path = WatchLandmarks_Watch_AppUITests.swift; sourceTree = "<group>"; };
		A761413A2C24520B00B6EDF3 /* WatchLandmarks_Watch_AppUITestsLaunchTests.swift */ = {isa = PBXFileReference; lastKnownFileType = sourcecode.swift; path = WatchLandmarks_Watch_AppUITestsLaunchTests.swift; sourceTree = "<group>"; };
		A7679F5D2C016A9D00D0FD35 /* ProfileEditor.swift */ = {isa = PBXFileReference; lastKnownFileType = sourcecode.swift; path = ProfileEditor.swift; sourceTree = "<group>"; };
		A76A65AF2BE2177F006E9AD9 /* LandmarkDetail.swift */ = {isa = PBXFileReference; lastKnownFileType = sourcecode.swift; path = LandmarkDetail.swift; sourceTree = "<group>"; };
		A77307E52C3ADAC900D638AA /* LandmarkCommands.swift */ = {isa = PBXFileReference; lastKnownFileType = sourcecode.swift; path = LandmarkCommands.swift; sourceTree = "<group>"; };
		A78D1A712BFA2835006AEF32 /* Profile.swift */ = {isa = PBXFileReference; lastKnownFileType = sourcecode.swift; path = Profile.swift; sourceTree = "<group>"; };
		A78D1A742BFA2A0C006AEF32 /* ProfileHost.swift */ = {isa = PBXFileReference; lastKnownFileType = sourcecode.swift; path = ProfileHost.swift; sourceTree = "<group>"; };
		A78D1A762BFA2AB5006AEF32 /* ProfileSummary.swift */ = {isa = PBXFileReference; lastKnownFileType = sourcecode.swift; path = ProfileSummary.swift; sourceTree = "<group>"; };
		A78D1A782BFA2E94006AEF32 /* HikeBadge.swift */ = {isa = PBXFileReference; lastKnownFileType = sourcecode.swift; path = HikeBadge.swift; sourceTree = "<group>"; };
		A79D02052BE13AFC005C902E /* LandmarkRow.swift */ = {isa = PBXFileReference; lastKnownFileType = sourcecode.swift; path = LandmarkRow.swift; sourceTree = "<group>"; };
		A79D02072BE13D1D005C902E /* LandmarkList.swift */ = {isa = PBXFileReference; lastKnownFileType = sourcecode.swift; path = LandmarkList.swift; sourceTree = "<group>"; };
		A7A208072C2A58EF00E63D6B /* LandmarkDetail.swift */ = {isa = PBXFileReference; lastKnownFileType = sourcecode.swift; path = LandmarkDetail.swift; sourceTree = "<group>"; };
		A7A208092C2A5DC900E63D6B /* PageControl.swift */ = {isa = PBXFileReference; lastKnownFileType = sourcecode.swift; path = PageControl.swift; sourceTree = "<group>"; };
		A7A53AF92C04D437003F0983 /* FeatureCard.swift */ = {isa = PBXFileReference; lastKnownFileType = sourcecode.swift; path = FeatureCard.swift; sourceTree = "<group>"; };
		A7A53AFB2C04D690003F0983 /* PageView.swift */ = {isa = PBXFileReference; lastKnownFileType = sourcecode.swift; path = PageView.swift; sourceTree = "<group>"; };
		A7B9DE392BE7D98700A155B8 /* HexagonParameters.swift */ = {isa = PBXFileReference; lastKnownFileType = sourcecode.swift; path = HexagonParameters.swift; sourceTree = "<group>"; };
		A7B9DE3B2BE7DE1000A155B8 /* BadgeBackground.swift */ = {isa = PBXFileReference; lastKnownFileType = sourcecode.swift; path = BadgeBackground.swift; sourceTree = "<group>"; };
		A7BB67C92BDFF00B008BB534 /* Landmarks.app */ = {isa = PBXFileReference; explicitFileType = wrapper.application; includeInIndex = 0; path = Landmarks.app; sourceTree = BUILT_PRODUCTS_DIR; };
		A7BB67CC2BDFF00B008BB534 /* LandmarksApp.swift */ = {isa = PBXFileReference; lastKnownFileType = sourcecode.swift; path = LandmarksApp.swift; sourceTree = "<group>"; };
		A7BB67CE2BDFF00B008BB534 /* ContentView.swift */ = {isa = PBXFileReference; lastKnownFileType = sourcecode.swift; path = ContentView.swift; sourceTree = "<group>"; };
		A7BB67D02BDFF00C008BB534 /* Assets.xcassets */ = {isa = PBXFileReference; lastKnownFileType = folder.assetcatalog; path = Assets.xcassets; sourceTree = "<group>"; };
		A7BB67D32BDFF00C008BB534 /* Preview Assets.xcassets */ = {isa = PBXFileReference; lastKnownFileType = folder.assetcatalog; path = "Preview Assets.xcassets"; sourceTree = "<group>"; };
		A7BB67D92BDFF00C008BB534 /* LandmarksTests.xctest */ = {isa = PBXFileReference; explicitFileType = wrapper.cfbundle; includeInIndex = 0; path = LandmarksTests.xctest; sourceTree = BUILT_PRODUCTS_DIR; };
		A7BB67DD2BDFF00C008BB534 /* LandmarksTests.swift */ = {isa = PBXFileReference; lastKnownFileType = sourcecode.swift; path = LandmarksTests.swift; sourceTree = "<group>"; };
		A7BB67E32BDFF00C008BB534 /* LandmarksUITests.xctest */ = {isa = PBXFileReference; explicitFileType = wrapper.cfbundle; includeInIndex = 0; path = LandmarksUITests.xctest; sourceTree = BUILT_PRODUCTS_DIR; };
		A7BB67E72BDFF00C008BB534 /* LandmarksUITests.swift */ = {isa = PBXFileReference; lastKnownFileType = sourcecode.swift; path = LandmarksUITests.swift; sourceTree = "<group>"; };
		A7BB67E92BDFF00C008BB534 /* LandmarksUITestsLaunchTests.swift */ = {isa = PBXFileReference; lastKnownFileType = sourcecode.swift; path = LandmarksUITestsLaunchTests.swift; sourceTree = "<group>"; };
		A7BB67F62BDFFACC008BB534 /* CircleImage.swift */ = {isa = PBXFileReference; lastKnownFileType = sourcecode.swift; path = CircleImage.swift; sourceTree = "<group>"; };
		A7BB67F82BDFFC75008BB534 /* MapView.swift */ = {isa = PBXFileReference; lastKnownFileType = sourcecode.swift; path = MapView.swift; sourceTree = "<group>"; };
		A7E570562C2B85EC00E9CD15 /* NotificationView.swift */ = {isa = PBXFileReference; lastKnownFileType = sourcecode.swift; path = NotificationView.swift; sourceTree = "<group>"; };
		A7E570582C2B877200E9CD15 /* NotificationController.swift */ = {isa = PBXFileReference; lastKnownFileType = sourcecode.swift; path = NotificationController.swift; sourceTree = "<group>"; };
		A7E5705B2C2B8AF000E9CD15 /* PushNotificationPayload.apns */ = {isa = PBXFileReference; lastKnownFileType = text; path = PushNotificationPayload.apns; sourceTree = "<group>"; };
/* End PBXFileReference section */

/* Begin PBXFrameworksBuildPhase section */
		A7132AB22C330C4C00DC6FF2 /* Frameworks */ = {
			isa = PBXFrameworksBuildPhase;
			buildActionMask = 2147483647;
			files = (
			);
			runOnlyForDeploymentPostprocessing = 0;
		};
		A7132AC22C330C4D00DC6FF2 /* Frameworks */ = {
			isa = PBXFrameworksBuildPhase;
			buildActionMask = 2147483647;
			files = (
			);
			runOnlyForDeploymentPostprocessing = 0;
		};
		A7132ACC2C330C4D00DC6FF2 /* Frameworks */ = {
			isa = PBXFrameworksBuildPhase;
			buildActionMask = 2147483647;
			files = (
			);
			runOnlyForDeploymentPostprocessing = 0;
		};
		A76141182C24520A00B6EDF3 /* Frameworks */ = {
			isa = PBXFrameworksBuildPhase;
			buildActionMask = 2147483647;
			files = (
			);
			runOnlyForDeploymentPostprocessing = 0;
		};
		A76141272C24520B00B6EDF3 /* Frameworks */ = {
			isa = PBXFrameworksBuildPhase;
			buildActionMask = 2147483647;
			files = (
			);
			runOnlyForDeploymentPostprocessing = 0;
		};
		A76141312C24520B00B6EDF3 /* Frameworks */ = {
			isa = PBXFrameworksBuildPhase;
			buildActionMask = 2147483647;
			files = (
			);
			runOnlyForDeploymentPostprocessing = 0;
		};
		A7BB67C62BDFF00B008BB534 /* Frameworks */ = {
			isa = PBXFrameworksBuildPhase;
			buildActionMask = 2147483647;
			files = (
			);
			runOnlyForDeploymentPostprocessing = 0;
		};
		A7BB67D62BDFF00C008BB534 /* Frameworks */ = {
			isa = PBXFrameworksBuildPhase;
			buildActionMask = 2147483647;
			files = (
			);
			runOnlyForDeploymentPostprocessing = 0;
		};
		A7BB67E02BDFF00C008BB534 /* Frameworks */ = {
			isa = PBXFrameworksBuildPhase;
			buildActionMask = 2147483647;
			files = (
			);
			runOnlyForDeploymentPostprocessing = 0;
		};
/* End PBXFrameworksBuildPhase section */

/* Begin PBXGroup section */
		A7132AB62C330C4C00DC6FF2 /* MacLandmarks */ = {
			isa = PBXGroup;
			children = (
				A7132AB92C330C4C00DC6FF2 /* ContentView.swift */,
				A7132ABB2C330C4D00DC6FF2 /* Assets.xcassets */,
				A7132AC02C330C4D00DC6FF2 /* MacLandmarks.entitlements */,
				A7132ABD2C330C4D00DC6FF2 /* Preview Content */,
				A7132AED2C330E5E00DC6FF2 /* LandmarkDetail.swift */,
				A77307E52C3ADAC900D638AA /* LandmarkCommands.swift */,
				A7370FC42C3CA5CF00CE4BC2 /* LandmarkSettings.swift */,
			);
			path = MacLandmarks;
			sourceTree = "<group>";
		};
		A7132ABD2C330C4D00DC6FF2 /* Preview Content */ = {
			isa = PBXGroup;
			children = (
				A7132ABE2C330C4D00DC6FF2 /* Preview Assets.xcassets */,
			);
			path = "Preview Content";
			sourceTree = "<group>";
		};
		A7132AC82C330C4D00DC6FF2 /* MacLandmarksTests */ = {
			isa = PBXGroup;
			children = (
				A7132AC92C330C4D00DC6FF2 /* MacLandmarksTests.swift */,
			);
			path = MacLandmarksTests;
			sourceTree = "<group>";
		};
		A7132AD22C330C4D00DC6FF2 /* MacLandmarksUITests */ = {
			isa = PBXGroup;
			children = (
				A7132AD32C330C4D00DC6FF2 /* MacLandmarksUITests.swift */,
				A7132AD52C330C4D00DC6FF2 /* MacLandmarksUITestsLaunchTests.swift */,
			);
			path = MacLandmarksUITests;
			sourceTree = "<group>";
		};
		A7188EDB2C04D161002E11A4 /* PageView */ = {
			isa = PBXGroup;
			children = (
				A7188EDC2C04D177002E11A4 /* PageViewController.swift */,
				A7A53AF92C04D437003F0983 /* FeatureCard.swift */,
				A7A53AFB2C04D690003F0983 /* PageView.swift */,
				A7A208092C2A5DC900E63D6B /* PageControl.swift */,
			);
			path = PageView;
			sourceTree = "<group>";
		};
		A721C7212BE51FDE00278C03 /* Landmarks */ = {
			isa = PBXGroup;
			children = (
				A79D02072BE13D1D005C902E /* LandmarkList.swift */,
				A79D02052BE13AFC005C902E /* LandmarkRow.swift */,
				A76A65AF2BE2177F006E9AD9 /* LandmarkDetail.swift */,
			);
			path = Landmarks;
			sourceTree = "<group>";
		};
		A721C7222BE51FF700278C03 /* Helpers */ = {
			isa = PBXGroup;
			children = (
				A7BB67F62BDFFACC008BB534 /* CircleImage.swift */,
				A7BB67F82BDFFC75008BB534 /* MapView.swift */,
				A721C71F2BE51E2B00278C03 /* FavoriteButton.swift */,
			);
			path = Helpers;
			sourceTree = "<group>";
		};
		A724C75C2BE9684B0018936B /* Badges */ = {
			isa = PBXGroup;
			children = (
				A78D1A782BFA2E94006AEF32 /* HikeBadge.swift */,
				A724C75A2BE965F20018936B /* Badge.swift */,
				A7B9DE3B2BE7DE1000A155B8 /* BadgeBackground.swift */,
				A724C7562BE9601A0018936B /* BadgeSymbol.swift */,
				A724C7582BE963C60018936B /* RotatedBadgeSymbol.swift */,
				A7B9DE392BE7D98700A155B8 /* HexagonParameters.swift */,
			);
			path = Badges;
			sourceTree = "<group>";
		};
		A74A42152BE133080053E04F /* Views */ = {
			isa = PBXGroup;
			children = (
				A7188EDB2C04D161002E11A4 /* PageView */,
				A78D1A732BFA2980006AEF32 /* Profiles */,
				A755A0462BF123C7004BAD1D /* Categories */,
				A753B51D2BF05A8700CEC122 /* Hikes */,
				A721C7212BE51FDE00278C03 /* Landmarks */,
				A721C7222BE51FF700278C03 /* Helpers */,
				A724C75C2BE9684B0018936B /* Badges */,
				A7BB67CE2BDFF00B008BB534 /* ContentView.swift */,
			);
			path = Views;
			sourceTree = "<group>";
		};
		A74A42162BE133390053E04F /* Model */ = {
			isa = PBXGroup;
			children = (
				A74A42132BE1310E0053E04F /* ModelData.swift */,
				A74A42112BE12F0D0053E04F /* Landmark.swift */,
				A753B5172BF0592200CEC122 /* Hike.swift */,
				A78D1A712BFA2835006AEF32 /* Profile.swift */,
			);
			path = Model;
			sourceTree = "<group>";
		};
		A74A42172BE133410053E04F /* Resources */ = {
			isa = PBXGroup;
			children = (
				A753B5152BF0590200CEC122 /* hikeData.json */,
				A74A420F2BE12EE70053E04F /* landmarkData.json */,
			);
			path = Resources;
			sourceTree = "<group>";
		};
		A753B51D2BF05A8700CEC122 /* Hikes */ = {
			isa = PBXGroup;
			children = (
				A753B5192BF05A8700CEC122 /* GraphCapsule.swift */,
				A753B51A2BF05A8700CEC122 /* HikeDetail.swift */,
				A753B51B2BF05A8700CEC122 /* HikeGraph.swift */,
				A753B51C2BF05A8700CEC122 /* HikeView.swift */,
			);
			path = Hikes;
			sourceTree = "<group>";
		};
		A755A0462BF123C7004BAD1D /* Categories */ = {
			isa = PBXGroup;
			children = (
				A755A0472BF123E0004BAD1D /* CategoryHome.swift */,
				A755A0492BF12752004BAD1D /* CategoryRow.swift */,
				A755A04B2BF12A01004BAD1D /* CategoryItem.swift */,
			);
			path = Categories;
			sourceTree = "<group>";
		};
		A761411C2C24520A00B6EDF3 /* WatchLandmarks Watch App */ = {
			isa = PBXGroup;
			children = (
				A761411F2C24520A00B6EDF3 /* ContentView.swift */,
				A7A208072C2A58EF00E63D6B /* LandmarkDetail.swift */,
				A76141212C24520B00B6EDF3 /* Assets.xcassets */,
				A76141232C24520B00B6EDF3 /* Preview Content */,
				A7E570562C2B85EC00E9CD15 /* NotificationView.swift */,
				A7E570582C2B877200E9CD15 /* NotificationController.swift */,
				A7E5705B2C2B8AF000E9CD15 /* PushNotificationPayload.apns */,
				A7132AEF2C33171E00DC6FF2 /* LandmarkList.swift */,
			);
			path = "WatchLandmarks Watch App";
			sourceTree = "<group>";
		};
		A76141232C24520B00B6EDF3 /* Preview Content */ = {
			isa = PBXGroup;
			children = (
				A76141242C24520B00B6EDF3 /* Preview Assets.xcassets */,
			);
			path = "Preview Content";
			sourceTree = "<group>";
		};
		A761412D2C24520B00B6EDF3 /* WatchLandmarks Watch AppTests */ = {
			isa = PBXGroup;
			children = (
				A761412E2C24520B00B6EDF3 /* WatchLandmarks_Watch_AppTests.swift */,
			);
			path = "WatchLandmarks Watch AppTests";
			sourceTree = "<group>";
		};
		A76141372C24520B00B6EDF3 /* WatchLandmarks Watch AppUITests */ = {
			isa = PBXGroup;
			children = (
				A76141382C24520B00B6EDF3 /* WatchLandmarks_Watch_AppUITests.swift */,
				A761413A2C24520B00B6EDF3 /* WatchLandmarks_Watch_AppUITestsLaunchTests.swift */,
			);
			path = "WatchLandmarks Watch AppUITests";
			sourceTree = "<group>";
		};
		A78D1A732BFA2980006AEF32 /* Profiles */ = {
			isa = PBXGroup;
			children = (
				A78D1A742BFA2A0C006AEF32 /* ProfileHost.swift */,
				A78D1A762BFA2AB5006AEF32 /* ProfileSummary.swift */,
				A7679F5D2C016A9D00D0FD35 /* ProfileEditor.swift */,
			);
			path = Profiles;
			sourceTree = "<group>";
		};
		A7BB67C02BDFF00B008BB534 = {
			isa = PBXGroup;
			children = (
				A7BB67CB2BDFF00B008BB534 /* Landmarks */,
				A7BB67DC2BDFF00C008BB534 /* LandmarksTests */,
				A7BB67E62BDFF00C008BB534 /* LandmarksUITests */,
				A761411C2C24520A00B6EDF3 /* WatchLandmarks Watch App */,
				A761412D2C24520B00B6EDF3 /* WatchLandmarks Watch AppTests */,
				A76141372C24520B00B6EDF3 /* WatchLandmarks Watch AppUITests */,
				A7132AB62C330C4C00DC6FF2 /* MacLandmarks */,
				A7132AC82C330C4D00DC6FF2 /* MacLandmarksTests */,
				A7132AD22C330C4D00DC6FF2 /* MacLandmarksUITests */,
				A7BB67CA2BDFF00B008BB534 /* Products */,
			);
			sourceTree = "<group>";
		};
		A7BB67CA2BDFF00B008BB534 /* Products */ = {
			isa = PBXGroup;
			children = (
				A7BB67C92BDFF00B008BB534 /* Landmarks.app */,
				A7BB67D92BDFF00C008BB534 /* LandmarksTests.xctest */,
				A7BB67E32BDFF00C008BB534 /* LandmarksUITests.xctest */,
				A761411B2C24520A00B6EDF3 /* WatchLandmarks Watch App.app */,
				A761412A2C24520B00B6EDF3 /* WatchLandmarks Watch AppTests.xctest */,
				A76141342C24520B00B6EDF3 /* WatchLandmarks Watch AppUITests.xctest */,
				A7132AB52C330C4C00DC6FF2 /* MacLandmarks.app */,
				A7132AC52C330C4D00DC6FF2 /* MacLandmarksTests.xctest */,
				A7132ACF2C330C4D00DC6FF2 /* MacLandmarksUITests.xctest */,
			);
			name = Products;
			sourceTree = "<group>";
		};
		A7BB67CB2BDFF00B008BB534 /* Landmarks */ = {
			isa = PBXGroup;
			children = (
				A7BB67CC2BDFF00B008BB534 /* LandmarksApp.swift */,
				A74A42152BE133080053E04F /* Views */,
				A74A42162BE133390053E04F /* Model */,
				A74A42172BE133410053E04F /* Resources */,
				A7BB67D02BDFF00C008BB534 /* Assets.xcassets */,
				A7BB67D22BDFF00C008BB534 /* Preview Content */,
			);
			path = Landmarks;
			sourceTree = "<group>";
		};
		A7BB67D22BDFF00C008BB534 /* Preview Content */ = {
			isa = PBXGroup;
			children = (
				A7BB67D32BDFF00C008BB534 /* Preview Assets.xcassets */,
			);
			path = "Preview Content";
			sourceTree = "<group>";
		};
		A7BB67DC2BDFF00C008BB534 /* LandmarksTests */ = {
			isa = PBXGroup;
			children = (
				A7BB67DD2BDFF00C008BB534 /* LandmarksTests.swift */,
			);
			path = LandmarksTests;
			sourceTree = "<group>";
		};
		A7BB67E62BDFF00C008BB534 /* LandmarksUITests */ = {
			isa = PBXGroup;
			children = (
				A7BB67E72BDFF00C008BB534 /* LandmarksUITests.swift */,
				A7BB67E92BDFF00C008BB534 /* LandmarksUITestsLaunchTests.swift */,
			);
			path = LandmarksUITests;
			sourceTree = "<group>";
		};
/* End PBXGroup section */

/* Begin PBXNativeTarget section */
		A7132AB42C330C4C00DC6FF2 /* MacLandmarks */ = {
			isa = PBXNativeTarget;
			buildConfigurationList = A7132ADD2C330C4D00DC6FF2 /* Build configuration list for PBXNativeTarget "MacLandmarks" */;
			buildPhases = (
				A7132AB12C330C4C00DC6FF2 /* Sources */,
				A7132AB22C330C4C00DC6FF2 /* Frameworks */,
				A7132AB32C330C4C00DC6FF2 /* Resources */,
			);
			buildRules = (
			);
			dependencies = (
			);
			name = MacLandmarks;
			productName = MacLandmarks;
			productReference = A7132AB52C330C4C00DC6FF2 /* MacLandmarks.app */;
			productType = "com.apple.product-type.application";
		};
		A7132AC42C330C4D00DC6FF2 /* MacLandmarksTests */ = {
			isa = PBXNativeTarget;
			buildConfigurationList = A7132ADE2C330C4D00DC6FF2 /* Build configuration list for PBXNativeTarget "MacLandmarksTests" */;
			buildPhases = (
				A7132AC12C330C4D00DC6FF2 /* Sources */,
				A7132AC22C330C4D00DC6FF2 /* Frameworks */,
				A7132AC32C330C4D00DC6FF2 /* Resources */,
			);
			buildRules = (
			);
			dependencies = (
				A7132AC72C330C4D00DC6FF2 /* PBXTargetDependency */,
			);
			name = MacLandmarksTests;
			productName = MacLandmarksTests;
			productReference = A7132AC52C330C4D00DC6FF2 /* MacLandmarksTests.xctest */;
			productType = "com.apple.product-type.bundle.unit-test";
		};
		A7132ACE2C330C4D00DC6FF2 /* MacLandmarksUITests */ = {
			isa = PBXNativeTarget;
			buildConfigurationList = A7132ADF2C330C4D00DC6FF2 /* Build configuration list for PBXNativeTarget "MacLandmarksUITests" */;
			buildPhases = (
				A7132ACB2C330C4D00DC6FF2 /* Sources */,
				A7132ACC2C330C4D00DC6FF2 /* Frameworks */,
				A7132ACD2C330C4D00DC6FF2 /* Resources */,
			);
			buildRules = (
			);
			dependencies = (
				A7132AD12C330C4D00DC6FF2 /* PBXTargetDependency */,
			);
			name = MacLandmarksUITests;
			productName = MacLandmarksUITests;
			productReference = A7132ACF2C330C4D00DC6FF2 /* MacLandmarksUITests.xctest */;
			productType = "com.apple.product-type.bundle.ui-testing";
		};
		A761411A2C24520A00B6EDF3 /* WatchLandmarks Watch App */ = {
			isa = PBXNativeTarget;
			buildConfigurationList = A76141462C24520B00B6EDF3 /* Build configuration list for PBXNativeTarget "WatchLandmarks Watch App" */;
			buildPhases = (
				A76141172C24520A00B6EDF3 /* Sources */,
				A76141182C24520A00B6EDF3 /* Frameworks */,
				A76141192C24520A00B6EDF3 /* Resources */,
			);
			buildRules = (
			);
			dependencies = (
			);
			name = "WatchLandmarks Watch App";
			productName = "WatchLandmarks Watch App";
			productReference = A761411B2C24520A00B6EDF3 /* WatchLandmarks Watch App.app */;
			productType = "com.apple.product-type.application";
		};
		A76141292C24520B00B6EDF3 /* WatchLandmarks Watch AppTests */ = {
			isa = PBXNativeTarget;
			buildConfigurationList = A76141472C24520B00B6EDF3 /* Build configuration list for PBXNativeTarget "WatchLandmarks Watch AppTests" */;
			buildPhases = (
				A76141262C24520B00B6EDF3 /* Sources */,
				A76141272C24520B00B6EDF3 /* Frameworks */,
				A76141282C24520B00B6EDF3 /* Resources */,
			);
			buildRules = (
			);
			dependencies = (
				A761412C2C24520B00B6EDF3 /* PBXTargetDependency */,
			);
			name = "WatchLandmarks Watch AppTests";
			productName = "WatchLandmarks Watch AppTests";
			productReference = A761412A2C24520B00B6EDF3 /* WatchLandmarks Watch AppTests.xctest */;
			productType = "com.apple.product-type.bundle.unit-test";
		};
		A76141332C24520B00B6EDF3 /* WatchLandmarks Watch AppUITests */ = {
			isa = PBXNativeTarget;
			buildConfigurationList = A76141482C24520B00B6EDF3 /* Build configuration list for PBXNativeTarget "WatchLandmarks Watch AppUITests" */;
			buildPhases = (
				A76141302C24520B00B6EDF3 /* Sources */,
				A76141312C24520B00B6EDF3 /* Frameworks */,
				A76141322C24520B00B6EDF3 /* Resources */,
			);
			buildRules = (
			);
			dependencies = (
				A76141362C24520B00B6EDF3 /* PBXTargetDependency */,
			);
			name = "WatchLandmarks Watch AppUITests";
			productName = "WatchLandmarks Watch AppUITests";
			productReference = A76141342C24520B00B6EDF3 /* WatchLandmarks Watch AppUITests.xctest */;
			productType = "com.apple.product-type.bundle.ui-testing";
		};
		A7BB67C82BDFF00B008BB534 /* Landmarks */ = {
			isa = PBXNativeTarget;
			buildConfigurationList = A7BB67ED2BDFF00C008BB534 /* Build configuration list for PBXNativeTarget "Landmarks" */;
			buildPhases = (
				A7BB67C52BDFF00B008BB534 /* Sources */,
				A7BB67C62BDFF00B008BB534 /* Frameworks */,
				A7BB67C72BDFF00B008BB534 /* Resources */,
				A761413F2C24520B00B6EDF3 /* Embed Watch Content */,
			);
			buildRules = (
			);
			dependencies = (
				A761413D2C24520B00B6EDF3 /* PBXTargetDependency */,
			);
			name = Landmarks;
			productName = Landmarks;
			productReference = A7BB67C92BDFF00B008BB534 /* Landmarks.app */;
			productType = "com.apple.product-type.application";
		};
		A7BB67D82BDFF00C008BB534 /* LandmarksTests */ = {
			isa = PBXNativeTarget;
			buildConfigurationList = A7BB67F02BDFF00C008BB534 /* Build configuration list for PBXNativeTarget "LandmarksTests" */;
			buildPhases = (
				A7BB67D52BDFF00C008BB534 /* Sources */,
				A7BB67D62BDFF00C008BB534 /* Frameworks */,
				A7BB67D72BDFF00C008BB534 /* Resources */,
			);
			buildRules = (
			);
			dependencies = (
				A7BB67DB2BDFF00C008BB534 /* PBXTargetDependency */,
			);
			name = LandmarksTests;
			productName = LandmarksTests;
			productReference = A7BB67D92BDFF00C008BB534 /* LandmarksTests.xctest */;
			productType = "com.apple.product-type.bundle.unit-test";
		};
		A7BB67E22BDFF00C008BB534 /* LandmarksUITests */ = {
			isa = PBXNativeTarget;
			buildConfigurationList = A7BB67F32BDFF00C008BB534 /* Build configuration list for PBXNativeTarget "LandmarksUITests" */;
			buildPhases = (
				A7BB67DF2BDFF00C008BB534 /* Sources */,
				A7BB67E02BDFF00C008BB534 /* Frameworks */,
				A7BB67E12BDFF00C008BB534 /* Resources */,
			);
			buildRules = (
			);
			dependencies = (
				A7BB67E52BDFF00C008BB534 /* PBXTargetDependency */,
			);
			name = LandmarksUITests;
			productName = LandmarksUITests;
			productReference = A7BB67E32BDFF00C008BB534 /* LandmarksUITests.xctest */;
			productType = "com.apple.product-type.bundle.ui-testing";
		};
/* End PBXNativeTarget section */

/* Begin PBXProject section */
		A7BB67C12BDFF00B008BB534 /* Project object */ = {
			isa = PBXProject;
			attributes = {
				BuildIndependentTargetsInParallel = 1;
				LastSwiftUpdateCheck = 1540;
				LastUpgradeCheck = 1530;
				TargetAttributes = {
					A7132AB42C330C4C00DC6FF2 = {
						CreatedOnToolsVersion = 15.4;
					};
					A7132AC42C330C4D00DC6FF2 = {
						CreatedOnToolsVersion = 15.4;
						TestTargetID = A7132AB42C330C4C00DC6FF2;
					};
					A7132ACE2C330C4D00DC6FF2 = {
						CreatedOnToolsVersion = 15.4;
						TestTargetID = A7132AB42C330C4C00DC6FF2;
					};
					A761411A2C24520A00B6EDF3 = {
						CreatedOnToolsVersion = 15.4;
					};
					A76141292C24520B00B6EDF3 = {
						CreatedOnToolsVersion = 15.4;
						TestTargetID = A761411A2C24520A00B6EDF3;
					};
					A76141332C24520B00B6EDF3 = {
						CreatedOnToolsVersion = 15.4;
						TestTargetID = A761411A2C24520A00B6EDF3;
					};
					A7BB67C82BDFF00B008BB534 = {
						CreatedOnToolsVersion = 15.3;
					};
					A7BB67D82BDFF00C008BB534 = {
						CreatedOnToolsVersion = 15.3;
						TestTargetID = A7BB67C82BDFF00B008BB534;
					};
					A7BB67E22BDFF00C008BB534 = {
						CreatedOnToolsVersion = 15.3;
						TestTargetID = A7BB67C82BDFF00B008BB534;
					};
				};
			};
			buildConfigurationList = A7BB67C42BDFF00B008BB534 /* Build configuration list for PBXProject "Landmarks" */;
			compatibilityVersion = "Xcode 14.0";
			developmentRegion = en;
			hasScannedForEncodings = 0;
			knownRegions = (
				en,
				Base,
			);
			mainGroup = A7BB67C02BDFF00B008BB534;
			productRefGroup = A7BB67CA2BDFF00B008BB534 /* Products */;
			projectDirPath = "";
			projectRoot = "";
			targets = (
				A7BB67C82BDFF00B008BB534 /* Landmarks */,
				A7BB67D82BDFF00C008BB534 /* LandmarksTests */,
				A7BB67E22BDFF00C008BB534 /* LandmarksUITests */,
				A761411A2C24520A00B6EDF3 /* WatchLandmarks Watch App */,
				A76141292C24520B00B6EDF3 /* WatchLandmarks Watch AppTests */,
				A76141332C24520B00B6EDF3 /* WatchLandmarks Watch AppUITests */,
				A7132AB42C330C4C00DC6FF2 /* MacLandmarks */,
				A7132AC42C330C4D00DC6FF2 /* MacLandmarksTests */,
				A7132ACE2C330C4D00DC6FF2 /* MacLandmarksUITests */,
			);
		};
/* End PBXProject section */

/* Begin PBXResourcesBuildPhase section */
		A7132AB32C330C4C00DC6FF2 /* Resources */ = {
			isa = PBXResourcesBuildPhase;
			buildActionMask = 2147483647;
			files = (
				A7132ABF2C330C4D00DC6FF2 /* Preview Assets.xcassets in Resources */,
				A7132AE02C330CE400DC6FF2 /* hikeData.json in Resources */,
				A7132AE12C330CE400DC6FF2 /* landmarkData.json in Resources */,
				A7132AE22C330CE400DC6FF2 /* Assets.xcassets in Resources */,
				A7132ABC2C330C4D00DC6FF2 /* Assets.xcassets in Resources */,
			);
			runOnlyForDeploymentPostprocessing = 0;
		};
		A7132AC32C330C4D00DC6FF2 /* Resources */ = {
			isa = PBXResourcesBuildPhase;
			buildActionMask = 2147483647;
			files = (
			);
			runOnlyForDeploymentPostprocessing = 0;
		};
		A7132ACD2C330C4D00DC6FF2 /* Resources */ = {
			isa = PBXResourcesBuildPhase;
			buildActionMask = 2147483647;
			files = (
			);
			runOnlyForDeploymentPostprocessing = 0;
		};
		A76141192C24520A00B6EDF3 /* Resources */ = {
			isa = PBXResourcesBuildPhase;
			buildActionMask = 2147483647;
			files = (
				A76141252C24520B00B6EDF3 /* Preview Assets.xcassets in Resources */,
				A76141522C24542B00B6EDF3 /* landmarkData.json in Resources */,
				A76141532C24542B00B6EDF3 /* hikeData.json in Resources */,
				A76141542C24542B00B6EDF3 /* Assets.xcassets in Resources */,
				A76141222C24520B00B6EDF3 /* Assets.xcassets in Resources */,
			);
			runOnlyForDeploymentPostprocessing = 0;
		};
		A76141282C24520B00B6EDF3 /* Resources */ = {
			isa = PBXResourcesBuildPhase;
			buildActionMask = 2147483647;
			files = (
			);
			runOnlyForDeploymentPostprocessing = 0;
		};
		A76141322C24520B00B6EDF3 /* Resources */ = {
			isa = PBXResourcesBuildPhase;
			buildActionMask = 2147483647;
			files = (
			);
			runOnlyForDeploymentPostprocessing = 0;
		};
		A7BB67C72BDFF00B008BB534 /* Resources */ = {
			isa = PBXResourcesBuildPhase;
			buildActionMask = 2147483647;
			files = (
				A753B5162BF0590200CEC122 /* hikeData.json in Resources */,
				A7BB67D42BDFF00C008BB534 /* Preview Assets.xcassets in Resources */,
				A7BB67D12BDFF00C008BB534 /* Assets.xcassets in Resources */,
				A74A42102BE12EE70053E04F /* landmarkData.json in Resources */,
			);
			runOnlyForDeploymentPostprocessing = 0;
		};
		A7BB67D72BDFF00C008BB534 /* Resources */ = {
			isa = PBXResourcesBuildPhase;
			buildActionMask = 2147483647;
			files = (
			);
			runOnlyForDeploymentPostprocessing = 0;
		};
		A7BB67E12BDFF00C008BB534 /* Resources */ = {
			isa = PBXResourcesBuildPhase;
			buildActionMask = 2147483647;
			files = (
			);
			runOnlyForDeploymentPostprocessing = 0;
		};
/* End PBXResourcesBuildPhase section */

/* Begin PBXSourcesBuildPhase section */
		A7132AB12C330C4C00DC6FF2 /* Sources */ = {
			isa = PBXSourcesBuildPhase;
			buildActionMask = 2147483647;
			files = (
				A7132AE32C330CE400DC6FF2 /* LandmarksApp.swift in Sources */,
				A7132AE42C330CE400DC6FF2 /* LandmarkRow.swift in Sources */,
				A7370FC52C3CA5CF00CE4BC2 /* LandmarkSettings.swift in Sources */,
				A7132AE52C330CE400DC6FF2 /* ModelData.swift in Sources */,
				A7132AE62C330CE400DC6FF2 /* CircleImage.swift in Sources */,
				A77307E72C3ADAC900D638AA /* LandmarkCommands.swift in Sources */,
				A7132AEE2C330E5E00DC6FF2 /* LandmarkDetail.swift in Sources */,
				A7132AE72C330CE400DC6FF2 /* LandmarkList.swift in Sources */,
				A7132AE82C330CE400DC6FF2 /* MapView.swift in Sources */,
				A7132AE92C330CE400DC6FF2 /* Landmark.swift in Sources */,
				A7132AEA2C330CE400DC6FF2 /* FavoriteButton.swift in Sources */,
				A7132AEB2C330CE400DC6FF2 /* Profile.swift in Sources */,
				A7132AEC2C330CE400DC6FF2 /* Hike.swift in Sources */,
				A7132ABA2C330C4C00DC6FF2 /* ContentView.swift in Sources */,
			);
			runOnlyForDeploymentPostprocessing = 0;
		};
		A7132AC12C330C4D00DC6FF2 /* Sources */ = {
			isa = PBXSourcesBuildPhase;
			buildActionMask = 2147483647;
			files = (
				A7132ACA2C330C4D00DC6FF2 /* MacLandmarksTests.swift in Sources */,
			);
			runOnlyForDeploymentPostprocessing = 0;
		};
		A7132ACB2C330C4D00DC6FF2 /* Sources */ = {
			isa = PBXSourcesBuildPhase;
			buildActionMask = 2147483647;
			files = (
				A7132AD62C330C4D00DC6FF2 /* MacLandmarksUITestsLaunchTests.swift in Sources */,
				A7132AD42C330C4D00DC6FF2 /* MacLandmarksUITests.swift in Sources */,
			);
			runOnlyForDeploymentPostprocessing = 0;
		};
		A76141172C24520A00B6EDF3 /* Sources */ = {
			isa = PBXSourcesBuildPhase;
			buildActionMask = 2147483647;
			files = (
				A76141202C24520A00B6EDF3 /* ContentView.swift in Sources */,
				A76141492C24542B00B6EDF3 /* MapView.swift in Sources */,
				A761414A2C24542B00B6EDF3 /* Landmark.swift in Sources */,
				A7132AF02C33171E00DC6FF2 /* LandmarkList.swift in Sources */,
				A761414B2C24542B00B6EDF3 /* CircleImage.swift in Sources */,
				A7A208082C2A58EF00E63D6B /* LandmarkDetail.swift in Sources */,
				A761414D2C24542B00B6EDF3 /* Profile.swift in Sources */,
				A761414E2C24542B00B6EDF3 /* Hike.swift in Sources */,
				A761414F2C24542B00B6EDF3 /* LandmarkRow.swift in Sources */,
				A7E570592C2B877200E9CD15 /* NotificationController.swift in Sources */,
				A76141502C24542B00B6EDF3 /* LandmarksApp.swift in Sources */,
				A76141512C24542B00B6EDF3 /* ModelData.swift in Sources */,
				A7E570572C2B85EC00E9CD15 /* NotificationView.swift in Sources */,
			);
			runOnlyForDeploymentPostprocessing = 0;
		};
		A76141262C24520B00B6EDF3 /* Sources */ = {
			isa = PBXSourcesBuildPhase;
			buildActionMask = 2147483647;
			files = (
				A761412F2C24520B00B6EDF3 /* WatchLandmarks_Watch_AppTests.swift in Sources */,
			);
			runOnlyForDeploymentPostprocessing = 0;
		};
		A76141302C24520B00B6EDF3 /* Sources */ = {
			isa = PBXSourcesBuildPhase;
			buildActionMask = 2147483647;
			files = (
				A761413B2C24520B00B6EDF3 /* WatchLandmarks_Watch_AppUITestsLaunchTests.swift in Sources */,
				A76141392C24520B00B6EDF3 /* WatchLandmarks_Watch_AppUITests.swift in Sources */,
			);
			runOnlyForDeploymentPostprocessing = 0;
		};
		A7BB67C52BDFF00B008BB534 /* Sources */ = {
			isa = PBXSourcesBuildPhase;
			buildActionMask = 2147483647;
			files = (
				A755A04A2BF12752004BAD1D /* CategoryRow.swift in Sources */,
				A78D1A722BFA2835006AEF32 /* Profile.swift in Sources */,
				A77307E62C3ADAC900D638AA /* LandmarkCommands.swift in Sources */,
				A7BB67CF2BDFF00B008BB534 /* ContentView.swift in Sources */,
				A755A0482BF123E0004BAD1D /* CategoryHome.swift in Sources */,
				A7A53AFA2C04D437003F0983 /* FeatureCard.swift in Sources */,
				A724C75B2BE965F20018936B /* Badge.swift in Sources */,
				A7BB67F92BDFFC75008BB534 /* MapView.swift in Sources */,
				A753B51E2BF05A8700CEC122 /* GraphCapsule.swift in Sources */,
				A753B5202BF05A8700CEC122 /* HikeGraph.swift in Sources */,
				A74A42142BE1310E0053E04F /* ModelData.swift in Sources */,
				A7A2080A2C2A5DC900E63D6B /* PageControl.swift in Sources */,
				A721C7202BE51E2B00278C03 /* FavoriteButton.swift in Sources */,
				A755A04C2BF12A01004BAD1D /* CategoryItem.swift in Sources */,
				A7B9DE3A2BE7D98700A155B8 /* HexagonParameters.swift in Sources */,
				A78D1A772BFA2AB5006AEF32 /* ProfileSummary.swift in Sources */,
				A753B5182BF0592200CEC122 /* Hike.swift in Sources */,
				A78D1A752BFA2A0C006AEF32 /* ProfileHost.swift in Sources */,
				A724C7592BE963C60018936B /* RotatedBadgeSymbol.swift in Sources */,
				A724C7572BE9601A0018936B /* BadgeSymbol.swift in Sources */,
				A7A53AFC2C04D690003F0983 /* PageView.swift in Sources */,
				A79D02082BE13D1D005C902E /* LandmarkList.swift in Sources */,
				A7679F5E2C016A9D00D0FD35 /* ProfileEditor.swift in Sources */,
				A753B51F2BF05A8700CEC122 /* HikeDetail.swift in Sources */,
				A753B5212BF05A8700CEC122 /* HikeView.swift in Sources */,
				A76A65B02BE2177F006E9AD9 /* LandmarkDetail.swift in Sources */,
				A7188EDD2C04D177002E11A4 /* PageViewController.swift in Sources */,
				A7B9DE3C2BE7DE1000A155B8 /* BadgeBackground.swift in Sources */,
				A78D1A792BFA2E94006AEF32 /* HikeBadge.swift in Sources */,
				A7BB67CD2BDFF00B008BB534 /* LandmarksApp.swift in Sources */,
				A7BB67F72BDFFACC008BB534 /* CircleImage.swift in Sources */,
				A79D02062BE13AFC005C902E /* LandmarkRow.swift in Sources */,
				A74A42182BE133680053E04F /* Landmark.swift in Sources */,
			);
			runOnlyForDeploymentPostprocessing = 0;
		};
		A7BB67D52BDFF00C008BB534 /* Sources */ = {
			isa = PBXSourcesBuildPhase;
			buildActionMask = 2147483647;
			files = (
				A7BB67DE2BDFF00C008BB534 /* LandmarksTests.swift in Sources */,
			);
			runOnlyForDeploymentPostprocessing = 0;
		};
		A7BB67DF2BDFF00C008BB534 /* Sources */ = {
			isa = PBXSourcesBuildPhase;
			buildActionMask = 2147483647;
			files = (
				A7BB67EA2BDFF00C008BB534 /* LandmarksUITestsLaunchTests.swift in Sources */,
				A7BB67E82BDFF00C008BB534 /* LandmarksUITests.swift in Sources */,
			);
			runOnlyForDeploymentPostprocessing = 0;
		};
/* End PBXSourcesBuildPhase section */

/* Begin PBXTargetDependency section */
		A7132AC72C330C4D00DC6FF2 /* PBXTargetDependency */ = {
			isa = PBXTargetDependency;
			target = A7132AB42C330C4C00DC6FF2 /* MacLandmarks */;
			targetProxy = A7132AC62C330C4D00DC6FF2 /* PBXContainerItemProxy */;
		};
		A7132AD12C330C4D00DC6FF2 /* PBXTargetDependency */ = {
			isa = PBXTargetDependency;
			target = A7132AB42C330C4C00DC6FF2 /* MacLandmarks */;
			targetProxy = A7132AD02C330C4D00DC6FF2 /* PBXContainerItemProxy */;
		};
		A761412C2C24520B00B6EDF3 /* PBXTargetDependency */ = {
			isa = PBXTargetDependency;
			target = A761411A2C24520A00B6EDF3 /* WatchLandmarks Watch App */;
			targetProxy = A761412B2C24520B00B6EDF3 /* PBXContainerItemProxy */;
		};
		A76141362C24520B00B6EDF3 /* PBXTargetDependency */ = {
			isa = PBXTargetDependency;
			target = A761411A2C24520A00B6EDF3 /* WatchLandmarks Watch App */;
			targetProxy = A76141352C24520B00B6EDF3 /* PBXContainerItemProxy */;
		};
		A761413D2C24520B00B6EDF3 /* PBXTargetDependency */ = {
			isa = PBXTargetDependency;
			target = A761411A2C24520A00B6EDF3 /* WatchLandmarks Watch App */;
			targetProxy = A761413C2C24520B00B6EDF3 /* PBXContainerItemProxy */;
		};
		A7BB67DB2BDFF00C008BB534 /* PBXTargetDependency */ = {
			isa = PBXTargetDependency;
			target = A7BB67C82BDFF00B008BB534 /* Landmarks */;
			targetProxy = A7BB67DA2BDFF00C008BB534 /* PBXContainerItemProxy */;
		};
		A7BB67E52BDFF00C008BB534 /* PBXTargetDependency */ = {
			isa = PBXTargetDependency;
			target = A7BB67C82BDFF00B008BB534 /* Landmarks */;
			targetProxy = A7BB67E42BDFF00C008BB534 /* PBXContainerItemProxy */;
		};
/* End PBXTargetDependency section */

/* Begin XCBuildConfiguration section */
		A7132AD72C330C4D00DC6FF2 /* Debug */ = {
			isa = XCBuildConfiguration;
			buildSettings = {
				ASSETCATALOG_COMPILER_APPICON_NAME = AppIcon;
				ASSETCATALOG_COMPILER_GLOBAL_ACCENT_COLOR_NAME = AccentColor;
				CODE_SIGN_ENTITLEMENTS = MacLandmarks/MacLandmarks.entitlements;
				CODE_SIGN_STYLE = Automatic;
				COMBINE_HIDPI_IMAGES = YES;
				CURRENT_PROJECT_VERSION = 1;
				DEVELOPMENT_ASSET_PATHS = "\"MacLandmarks/Preview Content\"";
				DEVELOPMENT_TEAM = 9V4UX268F6;
				ENABLE_HARDENED_RUNTIME = YES;
				ENABLE_PREVIEWS = YES;
				GENERATE_INFOPLIST_FILE = YES;
				INFOPLIST_KEY_NSHumanReadableCopyright = "";
				LD_RUNPATH_SEARCH_PATHS = (
					"$(inherited)",
					"@executable_path/../Frameworks",
				);
				MACOSX_DEPLOYMENT_TARGET = 14.5;
				MARKETING_VERSION = 1.0;
				PRODUCT_BUNDLE_IDENTIFIER = k1nghandy.MacLandmarks;
				PRODUCT_NAME = "$(TARGET_NAME)";
				SDKROOT = macosx;
				SWIFT_EMIT_LOC_STRINGS = YES;
				SWIFT_VERSION = 5.0;
			};
			name = Debug;
		};
		A7132AD82C330C4D00DC6FF2 /* Release */ = {
			isa = XCBuildConfiguration;
			buildSettings = {
				ASSETCATALOG_COMPILER_APPICON_NAME = AppIcon;
				ASSETCATALOG_COMPILER_GLOBAL_ACCENT_COLOR_NAME = AccentColor;
				CODE_SIGN_ENTITLEMENTS = MacLandmarks/MacLandmarks.entitlements;
				CODE_SIGN_STYLE = Automatic;
				COMBINE_HIDPI_IMAGES = YES;
				CURRENT_PROJECT_VERSION = 1;
				DEVELOPMENT_ASSET_PATHS = "\"MacLandmarks/Preview Content\"";
				DEVELOPMENT_TEAM = 9V4UX268F6;
				ENABLE_HARDENED_RUNTIME = YES;
				ENABLE_PREVIEWS = YES;
				GENERATE_INFOPLIST_FILE = YES;
				INFOPLIST_KEY_NSHumanReadableCopyright = "";
				LD_RUNPATH_SEARCH_PATHS = (
					"$(inherited)",
					"@executable_path/../Frameworks",
				);
				MACOSX_DEPLOYMENT_TARGET = 14.5;
				MARKETING_VERSION = 1.0;
				PRODUCT_BUNDLE_IDENTIFIER = k1nghandy.MacLandmarks;
				PRODUCT_NAME = "$(TARGET_NAME)";
				SDKROOT = macosx;
				SWIFT_EMIT_LOC_STRINGS = YES;
				SWIFT_VERSION = 5.0;
			};
			name = Release;
		};
		A7132AD92C330C4D00DC6FF2 /* Debug */ = {
			isa = XCBuildConfiguration;
			buildSettings = {
				ALWAYS_EMBED_SWIFT_STANDARD_LIBRARIES = YES;
				BUNDLE_LOADER = "$(TEST_HOST)";
				CODE_SIGN_STYLE = Automatic;
				CURRENT_PROJECT_VERSION = 1;
				DEVELOPMENT_TEAM = 9V4UX268F6;
				GENERATE_INFOPLIST_FILE = YES;
				MACOSX_DEPLOYMENT_TARGET = 14.5;
				MARKETING_VERSION = 1.0;
				PRODUCT_BUNDLE_IDENTIFIER = k1nghandy.MacLandmarksTests;
				PRODUCT_NAME = "$(TARGET_NAME)";
				SDKROOT = macosx;
				SWIFT_EMIT_LOC_STRINGS = NO;
				SWIFT_VERSION = 5.0;
				TEST_HOST = "$(BUILT_PRODUCTS_DIR)/MacLandmarks.app/$(BUNDLE_EXECUTABLE_FOLDER_PATH)/MacLandmarks";
			};
			name = Debug;
		};
		A7132ADA2C330C4D00DC6FF2 /* Release */ = {
			isa = XCBuildConfiguration;
			buildSettings = {
				ALWAYS_EMBED_SWIFT_STANDARD_LIBRARIES = YES;
				BUNDLE_LOADER = "$(TEST_HOST)";
				CODE_SIGN_STYLE = Automatic;
				CURRENT_PROJECT_VERSION = 1;
				DEVELOPMENT_TEAM = 9V4UX268F6;
				GENERATE_INFOPLIST_FILE = YES;
				MACOSX_DEPLOYMENT_TARGET = 14.5;
				MARKETING_VERSION = 1.0;
				PRODUCT_BUNDLE_IDENTIFIER = k1nghandy.MacLandmarksTests;
				PRODUCT_NAME = "$(TARGET_NAME)";
				SDKROOT = macosx;
				SWIFT_EMIT_LOC_STRINGS = NO;
				SWIFT_VERSION = 5.0;
				TEST_HOST = "$(BUILT_PRODUCTS_DIR)/MacLandmarks.app/$(BUNDLE_EXECUTABLE_FOLDER_PATH)/MacLandmarks";
			};
			name = Release;
		};
		A7132ADB2C330C4D00DC6FF2 /* Debug */ = {
			isa = XCBuildConfiguration;
			buildSettings = {
				ALWAYS_EMBED_SWIFT_STANDARD_LIBRARIES = YES;
				CODE_SIGN_STYLE = Automatic;
				CURRENT_PROJECT_VERSION = 1;
				DEVELOPMENT_TEAM = 9V4UX268F6;
				GENERATE_INFOPLIST_FILE = YES;
				MACOSX_DEPLOYMENT_TARGET = 14.5;
				MARKETING_VERSION = 1.0;
				PRODUCT_BUNDLE_IDENTIFIER = k1nghandy.MacLandmarksUITests;
				PRODUCT_NAME = "$(TARGET_NAME)";
				SDKROOT = macosx;
				SWIFT_EMIT_LOC_STRINGS = NO;
				SWIFT_VERSION = 5.0;
				TEST_TARGET_NAME = MacLandmarks;
			};
			name = Debug;
		};
		A7132ADC2C330C4D00DC6FF2 /* Release */ = {
			isa = XCBuildConfiguration;
			buildSettings = {
				ALWAYS_EMBED_SWIFT_STANDARD_LIBRARIES = YES;
				CODE_SIGN_STYLE = Automatic;
				CURRENT_PROJECT_VERSION = 1;
				DEVELOPMENT_TEAM = 9V4UX268F6;
				GENERATE_INFOPLIST_FILE = YES;
				MACOSX_DEPLOYMENT_TARGET = 14.5;
				MARKETING_VERSION = 1.0;
				PRODUCT_BUNDLE_IDENTIFIER = k1nghandy.MacLandmarksUITests;
				PRODUCT_NAME = "$(TARGET_NAME)";
				SDKROOT = macosx;
				SWIFT_EMIT_LOC_STRINGS = NO;
				SWIFT_VERSION = 5.0;
				TEST_TARGET_NAME = MacLandmarks;
			};
			name = Release;
		};
		A76141402C24520B00B6EDF3 /* Debug */ = {
			isa = XCBuildConfiguration;
			buildSettings = {
				ASSETCATALOG_COMPILER_APPICON_NAME = AppIcon;
				ASSETCATALOG_COMPILER_GLOBAL_ACCENT_COLOR_NAME = AccentColor;
				CODE_SIGN_STYLE = Automatic;
				CURRENT_PROJECT_VERSION = 1;
				DEVELOPMENT_ASSET_PATHS = "\"WatchLandmarks Watch App/Preview Content\"";
				DEVELOPMENT_TEAM = 9V4UX268F6;
				ENABLE_PREVIEWS = YES;
				GENERATE_INFOPLIST_FILE = YES;
				INFOPLIST_KEY_CFBundleDisplayName = WatchLandmarks;
				INFOPLIST_KEY_UISupportedInterfaceOrientations = "UIInterfaceOrientationPortrait UIInterfaceOrientationPortraitUpsideDown";
				INFOPLIST_KEY_WKCompanionAppBundleIdentifier = k1nghandy.Landmarks;
				LD_RUNPATH_SEARCH_PATHS = (
					"$(inherited)",
					"@executable_path/Frameworks",
				);
				MARKETING_VERSION = 1.0;
				PRODUCT_BUNDLE_IDENTIFIER = k1nghandy.Landmarks.watchkitapp;
				PRODUCT_NAME = "$(TARGET_NAME)";
				SDKROOT = watchos;
				SKIP_INSTALL = YES;
				SWIFT_EMIT_LOC_STRINGS = YES;
				SWIFT_VERSION = 5.0;
				TARGETED_DEVICE_FAMILY = 4;
				WATCHOS_DEPLOYMENT_TARGET = 10.5;
			};
			name = Debug;
		};
		A76141412C24520B00B6EDF3 /* Release */ = {
			isa = XCBuildConfiguration;
			buildSettings = {
				ASSETCATALOG_COMPILER_APPICON_NAME = AppIcon;
				ASSETCATALOG_COMPILER_GLOBAL_ACCENT_COLOR_NAME = AccentColor;
				CODE_SIGN_STYLE = Automatic;
				CURRENT_PROJECT_VERSION = 1;
				DEVELOPMENT_ASSET_PATHS = "\"WatchLandmarks Watch App/Preview Content\"";
				DEVELOPMENT_TEAM = 9V4UX268F6;
				ENABLE_PREVIEWS = YES;
				GENERATE_INFOPLIST_FILE = YES;
				INFOPLIST_KEY_CFBundleDisplayName = WatchLandmarks;
				INFOPLIST_KEY_UISupportedInterfaceOrientations = "UIInterfaceOrientationPortrait UIInterfaceOrientationPortraitUpsideDown";
				INFOPLIST_KEY_WKCompanionAppBundleIdentifier = k1nghandy.Landmarks;
				LD_RUNPATH_SEARCH_PATHS = (
					"$(inherited)",
					"@executable_path/Frameworks",
				);
				MARKETING_VERSION = 1.0;
				PRODUCT_BUNDLE_IDENTIFIER = k1nghandy.Landmarks.watchkitapp;
				PRODUCT_NAME = "$(TARGET_NAME)";
				SDKROOT = watchos;
				SKIP_INSTALL = YES;
				SWIFT_EMIT_LOC_STRINGS = YES;
				SWIFT_VERSION = 5.0;
				TARGETED_DEVICE_FAMILY = 4;
				WATCHOS_DEPLOYMENT_TARGET = 10.5;
			};
			name = Release;
		};
		A76141422C24520B00B6EDF3 /* Debug */ = {
			isa = XCBuildConfiguration;
			buildSettings = {
				ALWAYS_EMBED_SWIFT_STANDARD_LIBRARIES = YES;
				BUNDLE_LOADER = "$(TEST_HOST)";
				CODE_SIGN_STYLE = Automatic;
				CURRENT_PROJECT_VERSION = 1;
				DEVELOPMENT_TEAM = 9V4UX268F6;
				GENERATE_INFOPLIST_FILE = YES;
				MARKETING_VERSION = 1.0;
				PRODUCT_BUNDLE_IDENTIFIER = "k1nghandy.WatchLandmarks-Watch-AppTests";
				PRODUCT_NAME = "$(TARGET_NAME)";
				SDKROOT = watchos;
				SWIFT_EMIT_LOC_STRINGS = NO;
				SWIFT_VERSION = 5.0;
				TARGETED_DEVICE_FAMILY = 4;
				TEST_HOST = "$(BUILT_PRODUCTS_DIR)/WatchLandmarks Watch App.app/$(BUNDLE_EXECUTABLE_FOLDER_PATH)/WatchLandmarks Watch App";
				WATCHOS_DEPLOYMENT_TARGET = 10.5;
			};
			name = Debug;
		};
		A76141432C24520B00B6EDF3 /* Release */ = {
			isa = XCBuildConfiguration;
			buildSettings = {
				ALWAYS_EMBED_SWIFT_STANDARD_LIBRARIES = YES;
				BUNDLE_LOADER = "$(TEST_HOST)";
				CODE_SIGN_STYLE = Automatic;
				CURRENT_PROJECT_VERSION = 1;
				DEVELOPMENT_TEAM = 9V4UX268F6;
				GENERATE_INFOPLIST_FILE = YES;
				MARKETING_VERSION = 1.0;
				PRODUCT_BUNDLE_IDENTIFIER = "k1nghandy.WatchLandmarks-Watch-AppTests";
				PRODUCT_NAME = "$(TARGET_NAME)";
				SDKROOT = watchos;
				SWIFT_EMIT_LOC_STRINGS = NO;
				SWIFT_VERSION = 5.0;
				TARGETED_DEVICE_FAMILY = 4;
				TEST_HOST = "$(BUILT_PRODUCTS_DIR)/WatchLandmarks Watch App.app/$(BUNDLE_EXECUTABLE_FOLDER_PATH)/WatchLandmarks Watch App";
				WATCHOS_DEPLOYMENT_TARGET = 10.5;
			};
			name = Release;
		};
		A76141442C24520B00B6EDF3 /* Debug */ = {
			isa = XCBuildConfiguration;
			buildSettings = {
				ALWAYS_EMBED_SWIFT_STANDARD_LIBRARIES = YES;
				CODE_SIGN_STYLE = Automatic;
				CURRENT_PROJECT_VERSION = 1;
				DEVELOPMENT_TEAM = 9V4UX268F6;
				GENERATE_INFOPLIST_FILE = YES;
				MARKETING_VERSION = 1.0;
				PRODUCT_BUNDLE_IDENTIFIER = "k1nghandy.WatchLandmarks-Watch-AppUITests";
				PRODUCT_NAME = "$(TARGET_NAME)";
				SDKROOT = watchos;
				SWIFT_EMIT_LOC_STRINGS = NO;
				SWIFT_VERSION = 5.0;
				TARGETED_DEVICE_FAMILY = 4;
				TEST_TARGET_NAME = "WatchLandmarks Watch App";
				WATCHOS_DEPLOYMENT_TARGET = 10.5;
			};
			name = Debug;
		};
		A76141452C24520B00B6EDF3 /* Release */ = {
			isa = XCBuildConfiguration;
			buildSettings = {
				ALWAYS_EMBED_SWIFT_STANDARD_LIBRARIES = YES;
				CODE_SIGN_STYLE = Automatic;
				CURRENT_PROJECT_VERSION = 1;
				DEVELOPMENT_TEAM = 9V4UX268F6;
				GENERATE_INFOPLIST_FILE = YES;
				MARKETING_VERSION = 1.0;
				PRODUCT_BUNDLE_IDENTIFIER = "k1nghandy.WatchLandmarks-Watch-AppUITests";
				PRODUCT_NAME = "$(TARGET_NAME)";
				SDKROOT = watchos;
				SWIFT_EMIT_LOC_STRINGS = NO;
				SWIFT_VERSION = 5.0;
				TARGETED_DEVICE_FAMILY = 4;
				TEST_TARGET_NAME = "WatchLandmarks Watch App";
				WATCHOS_DEPLOYMENT_TARGET = 10.5;
			};
			name = Release;
		};
		A7BB67EB2BDFF00C008BB534 /* Debug */ = {
			isa = XCBuildConfiguration;
			buildSettings = {
				ALWAYS_SEARCH_USER_PATHS = NO;
				ASSETCATALOG_COMPILER_GENERATE_SWIFT_ASSET_SYMBOL_EXTENSIONS = YES;
				CLANG_ANALYZER_NONNULL = YES;
				CLANG_ANALYZER_NUMBER_OBJECT_CONVERSION = YES_AGGRESSIVE;
				CLANG_CXX_LANGUAGE_STANDARD = "gnu++20";
				CLANG_ENABLE_MODULES = YES;
				CLANG_ENABLE_OBJC_ARC = YES;
				CLANG_ENABLE_OBJC_WEAK = YES;
				CLANG_WARN_BLOCK_CAPTURE_AUTORELEASING = YES;
				CLANG_WARN_BOOL_CONVERSION = YES;
				CLANG_WARN_COMMA = YES;
				CLANG_WARN_CONSTANT_CONVERSION = YES;
				CLANG_WARN_DEPRECATED_OBJC_IMPLEMENTATIONS = YES;
				CLANG_WARN_DIRECT_OBJC_ISA_USAGE = YES_ERROR;
				CLANG_WARN_DOCUMENTATION_COMMENTS = YES;
				CLANG_WARN_EMPTY_BODY = YES;
				CLANG_WARN_ENUM_CONVERSION = YES;
				CLANG_WARN_INFINITE_RECURSION = YES;
				CLANG_WARN_INT_CONVERSION = YES;
				CLANG_WARN_NON_LITERAL_NULL_CONVERSION = YES;
				CLANG_WARN_OBJC_IMPLICIT_RETAIN_SELF = YES;
				CLANG_WARN_OBJC_LITERAL_CONVERSION = YES;
				CLANG_WARN_OBJC_ROOT_CLASS = YES_ERROR;
				CLANG_WARN_QUOTED_INCLUDE_IN_FRAMEWORK_HEADER = YES;
				CLANG_WARN_RANGE_LOOP_ANALYSIS = YES;
				CLANG_WARN_STRICT_PROTOTYPES = YES;
				CLANG_WARN_SUSPICIOUS_MOVE = YES;
				CLANG_WARN_UNGUARDED_AVAILABILITY = YES_AGGRESSIVE;
				CLANG_WARN_UNREACHABLE_CODE = YES;
				CLANG_WARN__DUPLICATE_METHOD_MATCH = YES;
				COPY_PHASE_STRIP = NO;
				DEBUG_INFORMATION_FORMAT = dwarf;
				ENABLE_STRICT_OBJC_MSGSEND = YES;
				ENABLE_TESTABILITY = YES;
				ENABLE_USER_SCRIPT_SANDBOXING = YES;
				GCC_C_LANGUAGE_STANDARD = gnu17;
				GCC_DYNAMIC_NO_PIC = NO;
				GCC_NO_COMMON_BLOCKS = YES;
				GCC_OPTIMIZATION_LEVEL = 0;
				GCC_PREPROCESSOR_DEFINITIONS = (
					"DEBUG=1",
					"$(inherited)",
				);
				GCC_WARN_64_TO_32_BIT_CONVERSION = YES;
				GCC_WARN_ABOUT_RETURN_TYPE = YES_ERROR;
				GCC_WARN_UNDECLARED_SELECTOR = YES;
				GCC_WARN_UNINITIALIZED_AUTOS = YES_AGGRESSIVE;
				GCC_WARN_UNUSED_FUNCTION = YES;
				GCC_WARN_UNUSED_VARIABLE = YES;
				IPHONEOS_DEPLOYMENT_TARGET = 17.4;
				LOCALIZATION_PREFERS_STRING_CATALOGS = YES;
				MTL_ENABLE_DEBUG_INFO = INCLUDE_SOURCE;
				MTL_FAST_MATH = YES;
				ONLY_ACTIVE_ARCH = YES;
				SDKROOT = iphoneos;
				SWIFT_ACTIVE_COMPILATION_CONDITIONS = "DEBUG $(inherited)";
				SWIFT_OPTIMIZATION_LEVEL = "-Onone";
			};
			name = Debug;
		};
		A7BB67EC2BDFF00C008BB534 /* Release */ = {
			isa = XCBuildConfiguration;
			buildSettings = {
				ALWAYS_SEARCH_USER_PATHS = NO;
				ASSETCATALOG_COMPILER_GENERATE_SWIFT_ASSET_SYMBOL_EXTENSIONS = YES;
				CLANG_ANALYZER_NONNULL = YES;
				CLANG_ANALYZER_NUMBER_OBJECT_CONVERSION = YES_AGGRESSIVE;
				CLANG_CXX_LANGUAGE_STANDARD = "gnu++20";
				CLANG_ENABLE_MODULES = YES;
				CLANG_ENABLE_OBJC_ARC = YES;
				CLANG_ENABLE_OBJC_WEAK = YES;
				CLANG_WARN_BLOCK_CAPTURE_AUTORELEASING = YES;
				CLANG_WARN_BOOL_CONVERSION = YES;
				CLANG_WARN_COMMA = YES;
				CLANG_WARN_CONSTANT_CONVERSION = YES;
				CLANG_WARN_DEPRECATED_OBJC_IMPLEMENTATIONS = YES;
				CLANG_WARN_DIRECT_OBJC_ISA_USAGE = YES_ERROR;
				CLANG_WARN_DOCUMENTATION_COMMENTS = YES;
				CLANG_WARN_EMPTY_BODY = YES;
				CLANG_WARN_ENUM_CONVERSION = YES;
				CLANG_WARN_INFINITE_RECURSION = YES;
				CLANG_WARN_INT_CONVERSION = YES;
				CLANG_WARN_NON_LITERAL_NULL_CONVERSION = YES;
				CLANG_WARN_OBJC_IMPLICIT_RETAIN_SELF = YES;
				CLANG_WARN_OBJC_LITERAL_CONVERSION = YES;
				CLANG_WARN_OBJC_ROOT_CLASS = YES_ERROR;
				CLANG_WARN_QUOTED_INCLUDE_IN_FRAMEWORK_HEADER = YES;
				CLANG_WARN_RANGE_LOOP_ANALYSIS = YES;
				CLANG_WARN_STRICT_PROTOTYPES = YES;
				CLANG_WARN_SUSPICIOUS_MOVE = YES;
				CLANG_WARN_UNGUARDED_AVAILABILITY = YES_AGGRESSIVE;
				CLANG_WARN_UNREACHABLE_CODE = YES;
				CLANG_WARN__DUPLICATE_METHOD_MATCH = YES;
				COPY_PHASE_STRIP = NO;
				DEBUG_INFORMATION_FORMAT = "dwarf-with-dsym";
				ENABLE_NS_ASSERTIONS = NO;
				ENABLE_STRICT_OBJC_MSGSEND = YES;
				ENABLE_USER_SCRIPT_SANDBOXING = YES;
				GCC_C_LANGUAGE_STANDARD = gnu17;
				GCC_NO_COMMON_BLOCKS = YES;
				GCC_WARN_64_TO_32_BIT_CONVERSION = YES;
				GCC_WARN_ABOUT_RETURN_TYPE = YES_ERROR;
				GCC_WARN_UNDECLARED_SELECTOR = YES;
				GCC_WARN_UNINITIALIZED_AUTOS = YES_AGGRESSIVE;
				GCC_WARN_UNUSED_FUNCTION = YES;
				GCC_WARN_UNUSED_VARIABLE = YES;
				IPHONEOS_DEPLOYMENT_TARGET = 17.4;
				LOCALIZATION_PREFERS_STRING_CATALOGS = YES;
				MTL_ENABLE_DEBUG_INFO = NO;
				MTL_FAST_MATH = YES;
				SDKROOT = iphoneos;
				SWIFT_COMPILATION_MODE = wholemodule;
				VALIDATE_PRODUCT = YES;
			};
			name = Release;
		};
		A7BB67EE2BDFF00C008BB534 /* Debug */ = {
			isa = XCBuildConfiguration;
			buildSettings = {
				ALWAYS_EMBED_SWIFT_STANDARD_LIBRARIES = YES;
				ASSETCATALOG_COMPILER_APPICON_NAME = AppIcon;
				ASSETCATALOG_COMPILER_GLOBAL_ACCENT_COLOR_NAME = AccentColor;
				CODE_SIGN_STYLE = Automatic;
				CURRENT_PROJECT_VERSION = 1;
				DEVELOPMENT_ASSET_PATHS = "\"Landmarks/Preview Content\"";
				DEVELOPMENT_TEAM = 9V4UX268F6;
				ENABLE_PREVIEWS = YES;
				GENERATE_INFOPLIST_FILE = YES;
				INFOPLIST_KEY_UIApplicationSceneManifest_Generation = YES;
				INFOPLIST_KEY_UIApplicationSupportsIndirectInputEvents = YES;
				INFOPLIST_KEY_UILaunchScreen_Generation = YES;
				INFOPLIST_KEY_UISupportedInterfaceOrientations_iPad = "UIInterfaceOrientationPortrait UIInterfaceOrientationPortraitUpsideDown UIInterfaceOrientationLandscapeLeft UIInterfaceOrientationLandscapeRight";
				INFOPLIST_KEY_UISupportedInterfaceOrientations_iPhone = "UIInterfaceOrientationPortrait UIInterfaceOrientationLandscapeLeft UIInterfaceOrientationLandscapeRight";
				LD_RUNPATH_SEARCH_PATHS = (
					"$(inherited)",
					"@executable_path/Frameworks",
				);
				MARKETING_VERSION = 1.0;
				PRODUCT_BUNDLE_IDENTIFIER = k1nghandy.Landmarks;
				PRODUCT_NAME = "$(TARGET_NAME)";
				SWIFT_EMIT_LOC_STRINGS = YES;
				SWIFT_VERSION = 5.0;
				TARGETED_DEVICE_FAMILY = "1,2";
			};
			name = Debug;
		};
		A7BB67EF2BDFF00C008BB534 /* Release */ = {
			isa = XCBuildConfiguration;
			buildSettings = {
				ALWAYS_EMBED_SWIFT_STANDARD_LIBRARIES = YES;
				ASSETCATALOG_COMPILER_APPICON_NAME = AppIcon;
				ASSETCATALOG_COMPILER_GLOBAL_ACCENT_COLOR_NAME = AccentColor;
				CODE_SIGN_STYLE = Automatic;
				CURRENT_PROJECT_VERSION = 1;
				DEVELOPMENT_ASSET_PATHS = "\"Landmarks/Preview Content\"";
				DEVELOPMENT_TEAM = 9V4UX268F6;
				ENABLE_PREVIEWS = YES;
				GENERATE_INFOPLIST_FILE = YES;
				INFOPLIST_KEY_UIApplicationSceneManifest_Generation = YES;
				INFOPLIST_KEY_UIApplicationSupportsIndirectInputEvents = YES;
				INFOPLIST_KEY_UILaunchScreen_Generation = YES;
				INFOPLIST_KEY_UISupportedInterfaceOrientations_iPad = "UIInterfaceOrientationPortrait UIInterfaceOrientationPortraitUpsideDown UIInterfaceOrientationLandscapeLeft UIInterfaceOrientationLandscapeRight";
				INFOPLIST_KEY_UISupportedInterfaceOrientations_iPhone = "UIInterfaceOrientationPortrait UIInterfaceOrientationLandscapeLeft UIInterfaceOrientationLandscapeRight";
				LD_RUNPATH_SEARCH_PATHS = (
					"$(inherited)",
					"@executable_path/Frameworks",
				);
				MARKETING_VERSION = 1.0;
				PRODUCT_BUNDLE_IDENTIFIER = k1nghandy.Landmarks;
				PRODUCT_NAME = "$(TARGET_NAME)";
				SWIFT_EMIT_LOC_STRINGS = YES;
				SWIFT_VERSION = 5.0;
				TARGETED_DEVICE_FAMILY = "1,2";
			};
			name = Release;
		};
		A7BB67F12BDFF00C008BB534 /* Debug */ = {
			isa = XCBuildConfiguration;
			buildSettings = {
				ALWAYS_EMBED_SWIFT_STANDARD_LIBRARIES = YES;
				BUNDLE_LOADER = "$(TEST_HOST)";
				CODE_SIGN_STYLE = Automatic;
				CURRENT_PROJECT_VERSION = 1;
				DEVELOPMENT_TEAM = 9V4UX268F6;
				GENERATE_INFOPLIST_FILE = YES;
				IPHONEOS_DEPLOYMENT_TARGET = 17.4;
				MARKETING_VERSION = 1.0;
				PRODUCT_BUNDLE_IDENTIFIER = k1nghandy.LandmarksTests;
				PRODUCT_NAME = "$(TARGET_NAME)";
				SWIFT_EMIT_LOC_STRINGS = NO;
				SWIFT_VERSION = 5.0;
				TARGETED_DEVICE_FAMILY = "1,2";
				TEST_HOST = "$(BUILT_PRODUCTS_DIR)/Landmarks.app/$(BUNDLE_EXECUTABLE_FOLDER_PATH)/Landmarks";
			};
			name = Debug;
		};
		A7BB67F22BDFF00C008BB534 /* Release */ = {
			isa = XCBuildConfiguration;
			buildSettings = {
				ALWAYS_EMBED_SWIFT_STANDARD_LIBRARIES = YES;
				BUNDLE_LOADER = "$(TEST_HOST)";
				CODE_SIGN_STYLE = Automatic;
				CURRENT_PROJECT_VERSION = 1;
				DEVELOPMENT_TEAM = 9V4UX268F6;
				GENERATE_INFOPLIST_FILE = YES;
				IPHONEOS_DEPLOYMENT_TARGET = 17.4;
				MARKETING_VERSION = 1.0;
				PRODUCT_BUNDLE_IDENTIFIER = k1nghandy.LandmarksTests;
				PRODUCT_NAME = "$(TARGET_NAME)";
				SWIFT_EMIT_LOC_STRINGS = NO;
				SWIFT_VERSION = 5.0;
				TARGETED_DEVICE_FAMILY = "1,2";
				TEST_HOST = "$(BUILT_PRODUCTS_DIR)/Landmarks.app/$(BUNDLE_EXECUTABLE_FOLDER_PATH)/Landmarks";
			};
			name = Release;
		};
		A7BB67F42BDFF00C008BB534 /* Debug */ = {
			isa = XCBuildConfiguration;
			buildSettings = {
				ALWAYS_EMBED_SWIFT_STANDARD_LIBRARIES = YES;
				CODE_SIGN_STYLE = Automatic;
				CURRENT_PROJECT_VERSION = 1;
				DEVELOPMENT_TEAM = 9V4UX268F6;
				GENERATE_INFOPLIST_FILE = YES;
				MARKETING_VERSION = 1.0;
				PRODUCT_BUNDLE_IDENTIFIER = k1nghandy.LandmarksUITests;
				PRODUCT_NAME = "$(TARGET_NAME)";
				SWIFT_EMIT_LOC_STRINGS = NO;
				SWIFT_VERSION = 5.0;
				TARGETED_DEVICE_FAMILY = "1,2";
				TEST_TARGET_NAME = Landmarks;
			};
			name = Debug;
		};
		A7BB67F52BDFF00C008BB534 /* Release */ = {
			isa = XCBuildConfiguration;
			buildSettings = {
				ALWAYS_EMBED_SWIFT_STANDARD_LIBRARIES = YES;
				CODE_SIGN_STYLE = Automatic;
				CURRENT_PROJECT_VERSION = 1;
				DEVELOPMENT_TEAM = 9V4UX268F6;
				GENERATE_INFOPLIST_FILE = YES;
				MARKETING_VERSION = 1.0;
				PRODUCT_BUNDLE_IDENTIFIER = k1nghandy.LandmarksUITests;
				PRODUCT_NAME = "$(TARGET_NAME)";
				SWIFT_EMIT_LOC_STRINGS = NO;
				SWIFT_VERSION = 5.0;
				TARGETED_DEVICE_FAMILY = "1,2";
				TEST_TARGET_NAME = Landmarks;
			};
			name = Release;
		};
/* End XCBuildConfiguration section */

/* Begin XCConfigurationList section */
		A7132ADD2C330C4D00DC6FF2 /* Build configuration list for PBXNativeTarget "MacLandmarks" */ = {
			isa = XCConfigurationList;
			buildConfigurations = (
				A7132AD72C330C4D00DC6FF2 /* Debug */,
				A7132AD82C330C4D00DC6FF2 /* Release */,
			);
			defaultConfigurationIsVisible = 0;
			defaultConfigurationName = Release;
		};
		A7132ADE2C330C4D00DC6FF2 /* Build configuration list for PBXNativeTarget "MacLandmarksTests" */ = {
			isa = XCConfigurationList;
			buildConfigurations = (
				A7132AD92C330C4D00DC6FF2 /* Debug */,
				A7132ADA2C330C4D00DC6FF2 /* Release */,
			);
			defaultConfigurationIsVisible = 0;
			defaultConfigurationName = Release;
		};
		A7132ADF2C330C4D00DC6FF2 /* Build configuration list for PBXNativeTarget "MacLandmarksUITests" */ = {
			isa = XCConfigurationList;
			buildConfigurations = (
				A7132ADB2C330C4D00DC6FF2 /* Debug */,
				A7132ADC2C330C4D00DC6FF2 /* Release */,
			);
			defaultConfigurationIsVisible = 0;
			defaultConfigurationName = Release;
		};
		A76141462C24520B00B6EDF3 /* Build configuration list for PBXNativeTarget "WatchLandmarks Watch App" */ = {
			isa = XCConfigurationList;
			buildConfigurations = (
				A76141402C24520B00B6EDF3 /* Debug */,
				A76141412C24520B00B6EDF3 /* Release */,
			);
			defaultConfigurationIsVisible = 0;
			defaultConfigurationName = Release;
		};
		A76141472C24520B00B6EDF3 /* Build configuration list for PBXNativeTarget "WatchLandmarks Watch AppTests" */ = {
			isa = XCConfigurationList;
			buildConfigurations = (
				A76141422C24520B00B6EDF3 /* Debug */,
				A76141432C24520B00B6EDF3 /* Release */,
			);
			defaultConfigurationIsVisible = 0;
			defaultConfigurationName = Release;
		};
		A76141482C24520B00B6EDF3 /* Build configuration list for PBXNativeTarget "WatchLandmarks Watch AppUITests" */ = {
			isa = XCConfigurationList;
			buildConfigurations = (
				A76141442C24520B00B6EDF3 /* Debug */,
				A76141452C24520B00B6EDF3 /* Release */,
			);
			defaultConfigurationIsVisible = 0;
			defaultConfigurationName = Release;
		};
		A7BB67C42BDFF00B008BB534 /* Build configuration list for PBXProject "Landmarks" */ = {
			isa = XCConfigurationList;
			buildConfigurations = (
				A7BB67EB2BDFF00C008BB534 /* Debug */,
				A7BB67EC2BDFF00C008BB534 /* Release */,
			);
			defaultConfigurationIsVisible = 0;
			defaultConfigurationName = Release;
		};
		A7BB67ED2BDFF00C008BB534 /* Build configuration list for PBXNativeTarget "Landmarks" */ = {
			isa = XCConfigurationList;
			buildConfigurations = (
				A7BB67EE2BDFF00C008BB534 /* Debug */,
				A7BB67EF2BDFF00C008BB534 /* Release */,
			);
			defaultConfigurationIsVisible = 0;
			defaultConfigurationName = Release;
		};
		A7BB67F02BDFF00C008BB534 /* Build configuration list for PBXNativeTarget "LandmarksTests" */ = {
			isa = XCConfigurationList;
			buildConfigurations = (
				A7BB67F12BDFF00C008BB534 /* Debug */,
				A7BB67F22BDFF00C008BB534 /* Release */,
			);
			defaultConfigurationIsVisible = 0;
			defaultConfigurationName = Release;
		};
		A7BB67F32BDFF00C008BB534 /* Build configuration list for PBXNativeTarget "LandmarksUITests" */ = {
			isa = XCConfigurationList;
			buildConfigurations = (
				A7BB67F42BDFF00C008BB534 /* Debug */,
				A7BB67F52BDFF00C008BB534 /* Release */,
			);
			defaultConfigurationIsVisible = 0;
			defaultConfigurationName = Release;
		};
/* End XCConfigurationList section */
	};
	rootObject = A7BB67C12BDFF00B008BB534 /* Project object */;
}
